// !$*UTF8*$!
{
	archiveVersion = 1;
	classes = {
	};
	objectVersion = 56;
	objects = {

/* Begin PBXBuildFile section */
		5727172429E2C862004F80BA /* SpacexApiQueries.graphql in Resources */ = {isa = PBXBuildFile; fileRef = 5727172229E2C862004F80BA /* SpacexApiQueries.graphql */; };
		5727172529E2C862004F80BA /* SpacexAPI.graphqls in Resources */ = {isa = PBXBuildFile; fileRef = 5727172329E2C862004F80BA /* SpacexAPI.graphqls */; };
		5727173229E2C9B6004F80BA /* SpacexAPI.graphql.swift in Sources */ = {isa = PBXBuildFile; fileRef = 5727172829E2C9B6004F80BA /* SpacexAPI.graphql.swift */; };
		5727173329E2C9B6004F80BA /* RocketNamesAndDescriptionsQuery.graphql.swift in Sources */ = {isa = PBXBuildFile; fileRef = 5727172B29E2C9B6004F80BA /* RocketNamesAndDescriptionsQuery.graphql.swift */; };
		5727173429E2C9B6004F80BA /* Rocket.graphql.swift in Sources */ = {isa = PBXBuildFile; fileRef = 5727172E29E2C9B6004F80BA /* Rocket.graphql.swift */; };
		5727173529E2C9B6004F80BA /* Query.graphql.swift in Sources */ = {isa = PBXBuildFile; fileRef = 5727172F29E2C9B6004F80BA /* Query.graphql.swift */; };
		5727173629E2C9B6004F80BA /* SchemaConfiguration.swift in Sources */ = {isa = PBXBuildFile; fileRef = 5727173029E2C9B6004F80BA /* SchemaConfiguration.swift */; };
		5727173729E2C9B6004F80BA /* SchemaMetadata.graphql.swift in Sources */ = {isa = PBXBuildFile; fileRef = 5727173129E2C9B6004F80BA /* SchemaMetadata.graphql.swift */; };
		57962D2E29DDF9F700747D54 /* AppDelegate.swift in Sources */ = {isa = PBXBuildFile; fileRef = 57962D2D29DDF9F700747D54 /* AppDelegate.swift */; };
		57962D3029DDF9F700747D54 /* SceneDelegate.swift in Sources */ = {isa = PBXBuildFile; fileRef = 57962D2F29DDF9F700747D54 /* SceneDelegate.swift */; };
		57962D3229DDF9F700747D54 /* HomeViewController.swift in Sources */ = {isa = PBXBuildFile; fileRef = 57962D3129DDF9F700747D54 /* HomeViewController.swift */; };
		57962D3529DDF9F700747D54 /* Main.storyboard in Resources */ = {isa = PBXBuildFile; fileRef = 57962D3329DDF9F700747D54 /* Main.storyboard */; };
		57962D3729DDF9F900747D54 /* Assets.xcassets in Resources */ = {isa = PBXBuildFile; fileRef = 57962D3629DDF9F900747D54 /* Assets.xcassets */; };
		57962D3A29DDF9F900747D54 /* LaunchScreen.storyboard in Resources */ = {isa = PBXBuildFile; fileRef = 57962D3829DDF9F900747D54 /* LaunchScreen.storyboard */; };
		57962D4329DEFD8F00747D54 /* Apollo in Frameworks */ = {isa = PBXBuildFile; productRef = 57962D4229DEFD8F00747D54 /* Apollo */; };
		57F14CA329DF3BD900A32207 /* UIImage + .swift in Sources */ = {isa = PBXBuildFile; fileRef = 57F14CA229DF3BD900A32207 /* UIImage + .swift */; };
		57F14CA529DF421500A32207 /* UIColor + .swift in Sources */ = {isa = PBXBuildFile; fileRef = 57F14CA429DF421500A32207 /* UIColor + .swift */; };
		57F14CA729DF437400A32207 /* UIApplication + .swift in Sources */ = {isa = PBXBuildFile; fileRef = 57F14CA629DF437400A32207 /* UIApplication + .swift */; };
		57F14CA929E00EEB00A32207 /* HomeViewCell.swift in Sources */ = {isa = PBXBuildFile; fileRef = 57F14CA829E00EEA00A32207 /* HomeViewCell.swift */; };
		57F14CB729E19F0100A32207 /* HomeConfigurator.swift in Sources */ = {isa = PBXBuildFile; fileRef = 57F14CB629E19F0100A32207 /* HomeConfigurator.swift */; };
		57F14CB929E19F5800A32207 /* HomeInteractor.swift in Sources */ = {isa = PBXBuildFile; fileRef = 57F14CB829E19F5800A32207 /* HomeInteractor.swift */; };
		57F14CBB29E19F6800A32207 /* HomePresenter.swift in Sources */ = {isa = PBXBuildFile; fileRef = 57F14CBA29E19F6800A32207 /* HomePresenter.swift */; };
		57F14CBD29E19FC400A32207 /* HomeRouter.swift in Sources */ = {isa = PBXBuildFile; fileRef = 57F14CBC29E19FC400A32207 /* HomeRouter.swift */; };
		57F14CC129E1AD8600A32207 /* HomeModels.swift in Sources */ = {isa = PBXBuildFile; fileRef = 57F14CC029E1AD8600A32207 /* HomeModels.swift */; };
/* End PBXBuildFile section */

/* Begin PBXFileReference section */
		5727172229E2C862004F80BA /* SpacexApiQueries.graphql */ = {isa = PBXFileReference; fileEncoding = 4; lastKnownFileType = text; path = SpacexApiQueries.graphql; sourceTree = "<group>"; };
		5727172329E2C862004F80BA /* SpacexAPI.graphqls */ = {isa = PBXFileReference; fileEncoding = 4; lastKnownFileType = text; path = SpacexAPI.graphqls; sourceTree = "<group>"; };
		5727172829E2C9B6004F80BA /* SpacexAPI.graphql.swift */ = {isa = PBXFileReference; fileEncoding = 4; lastKnownFileType = sourcecode.swift; name = SpacexAPI.graphql.swift; path = SpacexAPI/SpacexAPI.graphql.swift; sourceTree = SOURCE_ROOT; };
		5727172B29E2C9B6004F80BA /* RocketNamesAndDescriptionsQuery.graphql.swift */ = {isa = PBXFileReference; fileEncoding = 4; lastKnownFileType = sourcecode.swift; path = RocketNamesAndDescriptionsQuery.graphql.swift; sourceTree = "<group>"; };
		5727172E29E2C9B6004F80BA /* Rocket.graphql.swift */ = {isa = PBXFileReference; fileEncoding = 4; lastKnownFileType = sourcecode.swift; path = Rocket.graphql.swift; sourceTree = "<group>"; };
		5727172F29E2C9B6004F80BA /* Query.graphql.swift */ = {isa = PBXFileReference; fileEncoding = 4; lastKnownFileType = sourcecode.swift; path = Query.graphql.swift; sourceTree = "<group>"; };
		5727173029E2C9B6004F80BA /* SchemaConfiguration.swift */ = {isa = PBXFileReference; fileEncoding = 4; lastKnownFileType = sourcecode.swift; path = SchemaConfiguration.swift; sourceTree = "<group>"; };
		5727173129E2C9B6004F80BA /* SchemaMetadata.graphql.swift */ = {isa = PBXFileReference; fileEncoding = 4; lastKnownFileType = sourcecode.swift; path = SchemaMetadata.graphql.swift; sourceTree = "<group>"; };
		57962D2A29DDF9F700747D54 /* SpaceX.app */ = {isa = PBXFileReference; explicitFileType = wrapper.application; includeInIndex = 0; path = SpaceX.app; sourceTree = BUILT_PRODUCTS_DIR; };
		57962D2D29DDF9F700747D54 /* AppDelegate.swift */ = {isa = PBXFileReference; lastKnownFileType = sourcecode.swift; path = AppDelegate.swift; sourceTree = "<group>"; };
		57962D2F29DDF9F700747D54 /* SceneDelegate.swift */ = {isa = PBXFileReference; lastKnownFileType = sourcecode.swift; path = SceneDelegate.swift; sourceTree = "<group>"; };
		57962D3129DDF9F700747D54 /* HomeViewController.swift */ = {isa = PBXFileReference; lastKnownFileType = sourcecode.swift; path = HomeViewController.swift; sourceTree = "<group>"; };
		57962D3429DDF9F700747D54 /* Base */ = {isa = PBXFileReference; lastKnownFileType = file.storyboard; name = Base; path = Base.lproj/Main.storyboard; sourceTree = "<group>"; };
		57962D3629DDF9F900747D54 /* Assets.xcassets */ = {isa = PBXFileReference; lastKnownFileType = folder.assetcatalog; path = Assets.xcassets; sourceTree = "<group>"; };
		57962D3929DDF9F900747D54 /* Base */ = {isa = PBXFileReference; lastKnownFileType = file.storyboard; name = Base; path = Base.lproj/LaunchScreen.storyboard; sourceTree = "<group>"; };
		57962D3B29DDF9F900747D54 /* Info.plist */ = {isa = PBXFileReference; lastKnownFileType = text.plist.xml; path = Info.plist; sourceTree = "<group>"; };
		57F14CA229DF3BD900A32207 /* UIImage + .swift */ = {isa = PBXFileReference; lastKnownFileType = sourcecode.swift; path = "UIImage + .swift"; sourceTree = "<group>"; };
		57F14CA429DF421500A32207 /* UIColor + .swift */ = {isa = PBXFileReference; lastKnownFileType = sourcecode.swift; path = "UIColor + .swift"; sourceTree = "<group>"; };
		57F14CA629DF437400A32207 /* UIApplication + .swift */ = {isa = PBXFileReference; lastKnownFileType = sourcecode.swift; path = "UIApplication + .swift"; sourceTree = "<group>"; };
		57F14CA829E00EEA00A32207 /* HomeViewCell.swift */ = {isa = PBXFileReference; lastKnownFileType = sourcecode.swift; path = HomeViewCell.swift; sourceTree = "<group>"; };
		57F14CB629E19F0100A32207 /* HomeConfigurator.swift */ = {isa = PBXFileReference; lastKnownFileType = sourcecode.swift; path = HomeConfigurator.swift; sourceTree = "<group>"; };
		57F14CB829E19F5800A32207 /* HomeInteractor.swift */ = {isa = PBXFileReference; lastKnownFileType = sourcecode.swift; path = HomeInteractor.swift; sourceTree = "<group>"; };
		57F14CBA29E19F6800A32207 /* HomePresenter.swift */ = {isa = PBXFileReference; lastKnownFileType = sourcecode.swift; path = HomePresenter.swift; sourceTree = "<group>"; };
		57F14CBC29E19FC400A32207 /* HomeRouter.swift */ = {isa = PBXFileReference; lastKnownFileType = sourcecode.swift; path = HomeRouter.swift; sourceTree = "<group>"; };
		57F14CC029E1AD8600A32207 /* HomeModels.swift */ = {isa = PBXFileReference; lastKnownFileType = sourcecode.swift; path = HomeModels.swift; sourceTree = "<group>"; };
/* End PBXFileReference section */

/* Begin PBXFrameworksBuildPhase section */
		57962D2729DDF9F700747D54 /* Frameworks */ = {
			isa = PBXFrameworksBuildPhase;
			buildActionMask = 2147483647;
			files = (
				57962D4329DEFD8F00747D54 /* Apollo in Frameworks */,
			);
			runOnlyForDeploymentPostprocessing = 0;
		};
/* End PBXFrameworksBuildPhase section */

/* Begin PBXGroup section */
		5727172629E2C866004F80BA /* SpacexAPI */ = {
			isa = PBXGroup;
			children = (
				5727172929E2C9B6004F80BA /* Operations */,
				5727172C29E2C9B6004F80BA /* Schema */,
				5727172829E2C9B6004F80BA /* SpacexAPI.graphql.swift */,
				5727172329E2C862004F80BA /* SpacexAPI.graphqls */,
				5727172229E2C862004F80BA /* SpacexApiQueries.graphql */,
			);
			path = SpacexAPI;
			sourceTree = "<group>";
		};
		5727172929E2C9B6004F80BA /* Operations */ = {
			isa = PBXGroup;
			children = (
				5727172A29E2C9B6004F80BA /* Queries */,
			);
			name = Operations;
			path = SpacexAPI/Operations;
			sourceTree = SOURCE_ROOT;
		};
		5727172A29E2C9B6004F80BA /* Queries */ = {
			isa = PBXGroup;
			children = (
				5727172B29E2C9B6004F80BA /* RocketNamesAndDescriptionsQuery.graphql.swift */,
			);
			path = Queries;
			sourceTree = "<group>";
		};
		5727172C29E2C9B6004F80BA /* Schema */ = {
			isa = PBXGroup;
			children = (
				5727172D29E2C9B6004F80BA /* Objects */,
				5727173029E2C9B6004F80BA /* SchemaConfiguration.swift */,
				5727173129E2C9B6004F80BA /* SchemaMetadata.graphql.swift */,
			);
			name = Schema;
			path = SpacexAPI/Schema;
			sourceTree = SOURCE_ROOT;
		};
		5727172D29E2C9B6004F80BA /* Objects */ = {
			isa = PBXGroup;
			children = (
				5727172E29E2C9B6004F80BA /* Rocket.graphql.swift */,
				5727172F29E2C9B6004F80BA /* Query.graphql.swift */,
			);
			path = Objects;
			sourceTree = "<group>";
		};
		5727173829E2E39C004F80BA /* Application */ = {
			isa = PBXGroup;
			children = (
				57962D2D29DDF9F700747D54 /* AppDelegate.swift */,
				57962D2F29DDF9F700747D54 /* SceneDelegate.swift */,
				57962D3B29DDF9F900747D54 /* Info.plist */,
			);
			path = Application;
			sourceTree = "<group>";
		};
		57962D2129DDF9F700747D54 = {
			isa = PBXGroup;
			children = (
				57962D2C29DDF9F700747D54 /* SpaceX */,
				57962D2B29DDF9F700747D54 /* Products */,
			);
			sourceTree = "<group>";
		};
		57962D2B29DDF9F700747D54 /* Products */ = {
			isa = PBXGroup;
			children = (
				57962D2A29DDF9F700747D54 /* SpaceX.app */,
			);
			name = Products;
			sourceTree = "<group>";
		};
		57962D2C29DDF9F700747D54 /* SpaceX */ = {
			isa = PBXGroup;
			children = (
				5727172629E2C866004F80BA /* SpacexAPI */,
				57F14CC229E1B5C500A32207 /* Models */,
				57F14CBE29E19FE700A32207 /* Home */,
				57F14CA129DF3BCE00A32207 /* Extensions */,
				57962D3329DDF9F700747D54 /* Main.storyboard */,
				57962D3829DDF9F900747D54 /* LaunchScreen.storyboard */,
				57962D3629DDF9F900747D54 /* Assets.xcassets */,
				5727173829E2E39C004F80BA /* Application */,
			);
			path = SpaceX;
			sourceTree = "<group>";
		};
		57F14CA129DF3BCE00A32207 /* Extensions */ = {
			isa = PBXGroup;
			children = (
				57F14CA229DF3BD900A32207 /* UIImage + .swift */,
				57F14CA429DF421500A32207 /* UIColor + .swift */,
				57F14CA629DF437400A32207 /* UIApplication + .swift */,
			);
			path = Extensions;
			sourceTree = "<group>";
		};
		57F14CBE29E19FE700A32207 /* Home */ = {
			isa = PBXGroup;
			children = (
				57F14CBF29E19FF700A32207 /* Views */,
				57962D3129DDF9F700747D54 /* HomeViewController.swift */,
				57F14CB829E19F5800A32207 /* HomeInteractor.swift */,
				57F14CBA29E19F6800A32207 /* HomePresenter.swift */,
				57F14CBC29E19FC400A32207 /* HomeRouter.swift */,
				57F14CC029E1AD8600A32207 /* HomeModels.swift */,
				57F14CB629E19F0100A32207 /* HomeConfigurator.swift */,
			);
			path = Home;
			sourceTree = "<group>";
		};
		57F14CBF29E19FF700A32207 /* Views */ = {
			isa = PBXGroup;
			children = (
				57F14CA829E00EEA00A32207 /* HomeViewCell.swift */,
			);
			path = Views;
			sourceTree = "<group>";
		};
		57F14CC229E1B5C500A32207 /* Models */ = {
			isa = PBXGroup;
			children = (
			);
			path = Models;
			sourceTree = "<group>";
		};
/* End PBXGroup section */

/* Begin PBXNativeTarget section */
		57962D2929DDF9F700747D54 /* SpaceX */ = {
			isa = PBXNativeTarget;
			buildConfigurationList = 57962D3E29DDF9F900747D54 /* Build configuration list for PBXNativeTarget "SpaceX" */;
			buildPhases = (
				57962D2629DDF9F700747D54 /* Sources */,
				57962D2729DDF9F700747D54 /* Frameworks */,
				57962D2829DDF9F700747D54 /* Resources */,
			);
			buildRules = (
			);
			dependencies = (
			);
			name = SpaceX;
			packageProductDependencies = (
				57962D4229DEFD8F00747D54 /* Apollo */,
			);
			productName = SpaceX;
			productReference = 57962D2A29DDF9F700747D54 /* SpaceX.app */;
			productType = "com.apple.product-type.application";
		};
/* End PBXNativeTarget section */

/* Begin PBXProject section */
		57962D2229DDF9F700747D54 /* Project object */ = {
			isa = PBXProject;
			attributes = {
				BuildIndependentTargetsInParallel = 1;
				LastSwiftUpdateCheck = 1420;
				LastUpgradeCheck = 1420;
				TargetAttributes = {
					57962D2929DDF9F700747D54 = {
						CreatedOnToolsVersion = 14.2;
					};
				};
			};
			buildConfigurationList = 57962D2529DDF9F700747D54 /* Build configuration list for PBXProject "SpaceX" */;
			compatibilityVersion = "Xcode 14.0";
			developmentRegion = en;
			hasScannedForEncodings = 0;
			knownRegions = (
				en,
				Base,
			);
			mainGroup = 57962D2129DDF9F700747D54;
			packageReferences = (
				57962D4129DEFD8F00747D54 /* XCRemoteSwiftPackageReference "apollo-ios" */,
			);
			productRefGroup = 57962D2B29DDF9F700747D54 /* Products */;
			projectDirPath = "";
			projectRoot = "";
			targets = (
				57962D2929DDF9F700747D54 /* SpaceX */,
			);
		};
/* End PBXProject section */

/* Begin PBXResourcesBuildPhase section */
		57962D2829DDF9F700747D54 /* Resources */ = {
			isa = PBXResourcesBuildPhase;
			buildActionMask = 2147483647;
			files = (
				57962D3A29DDF9F900747D54 /* LaunchScreen.storyboard in Resources */,
				5727172429E2C862004F80BA /* SpacexApiQueries.graphql in Resources */,
				57962D3729DDF9F900747D54 /* Assets.xcassets in Resources */,
				57962D3529DDF9F700747D54 /* Main.storyboard in Resources */,
				5727172529E2C862004F80BA /* SpacexAPI.graphqls in Resources */,
			);
			runOnlyForDeploymentPostprocessing = 0;
		};
/* End PBXResourcesBuildPhase section */

/* Begin PBXSourcesBuildPhase section */
		57962D2629DDF9F700747D54 /* Sources */ = {
			isa = PBXSourcesBuildPhase;
			buildActionMask = 2147483647;
			files = (
				5727173629E2C9B6004F80BA /* SchemaConfiguration.swift in Sources */,
				57962D3229DDF9F700747D54 /* HomeViewController.swift in Sources */,
				5727173529E2C9B6004F80BA /* Query.graphql.swift in Sources */,
				57962D2E29DDF9F700747D54 /* AppDelegate.swift in Sources */,
				57F14CA929E00EEB00A32207 /* HomeViewCell.swift in Sources */,
				57F14CBB29E19F6800A32207 /* HomePresenter.swift in Sources */,
				5727173429E2C9B6004F80BA /* Rocket.graphql.swift in Sources */,
				57F14CA529DF421500A32207 /* UIColor + .swift in Sources */,
				57962D3029DDF9F700747D54 /* SceneDelegate.swift in Sources */,
				57F14CB729E19F0100A32207 /* HomeConfigurator.swift in Sources */,
				5727173329E2C9B6004F80BA /* RocketNamesAndDescriptionsQuery.graphql.swift in Sources */,
				5727173229E2C9B6004F80BA /* SpacexAPI.graphql.swift in Sources */,
				57F14CB929E19F5800A32207 /* HomeInteractor.swift in Sources */,
				57F14CC129E1AD8600A32207 /* HomeModels.swift in Sources */,
				57F14CA729DF437400A32207 /* UIApplication + .swift in Sources */,
				57F14CA329DF3BD900A32207 /* UIImage + .swift in Sources */,
				5727173729E2C9B6004F80BA /* SchemaMetadata.graphql.swift in Sources */,
				57F14CBD29E19FC400A32207 /* HomeRouter.swift in Sources */,
			);
			runOnlyForDeploymentPostprocessing = 0;
		};
/* End PBXSourcesBuildPhase section */

/* Begin PBXVariantGroup section */
		57962D3329DDF9F700747D54 /* Main.storyboard */ = {
			isa = PBXVariantGroup;
			children = (
				57962D3429DDF9F700747D54 /* Base */,
			);
			name = Main.storyboard;
			sourceTree = "<group>";
		};
		57962D3829DDF9F900747D54 /* LaunchScreen.storyboard */ = {
			isa = PBXVariantGroup;
			children = (
				57962D3929DDF9F900747D54 /* Base */,
			);
			name = LaunchScreen.storyboard;
			sourceTree = "<group>";
		};
/* End PBXVariantGroup section */

/* Begin XCBuildConfiguration section */
		57962D3C29DDF9F900747D54 /* Debug */ = {
			isa = XCBuildConfiguration;
			buildSettings = {
				ALWAYS_SEARCH_USER_PATHS = NO;
				CLANG_ANALYZER_NONNULL = YES;
				CLANG_ANALYZER_NUMBER_OBJECT_CONVERSION = YES_AGGRESSIVE;
				CLANG_CXX_LANGUAGE_STANDARD = "gnu++20";
				CLANG_ENABLE_MODULES = YES;
				CLANG_ENABLE_OBJC_ARC = YES;
				CLANG_ENABLE_OBJC_WEAK = YES;
				CLANG_WARN_BLOCK_CAPTURE_AUTORELEASING = YES;
				CLANG_WARN_BOOL_CONVERSION = YES;
				CLANG_WARN_COMMA = YES;
				CLANG_WARN_CONSTANT_CONVERSION = YES;
				CLANG_WARN_DEPRECATED_OBJC_IMPLEMENTATIONS = YES;
				CLANG_WARN_DIRECT_OBJC_ISA_USAGE = YES_ERROR;
				CLANG_WARN_DOCUMENTATION_COMMENTS = YES;
				CLANG_WARN_EMPTY_BODY = YES;
				CLANG_WARN_ENUM_CONVERSION = YES;
				CLANG_WARN_INFINITE_RECURSION = YES;
				CLANG_WARN_INT_CONVERSION = YES;
				CLANG_WARN_NON_LITERAL_NULL_CONVERSION = YES;
				CLANG_WARN_OBJC_IMPLICIT_RETAIN_SELF = YES;
				CLANG_WARN_OBJC_LITERAL_CONVERSION = YES;
				CLANG_WARN_OBJC_ROOT_CLASS = YES_ERROR;
				CLANG_WARN_QUOTED_INCLUDE_IN_FRAMEWORK_HEADER = YES;
				CLANG_WARN_RANGE_LOOP_ANALYSIS = YES;
				CLANG_WARN_STRICT_PROTOTYPES = YES;
				CLANG_WARN_SUSPICIOUS_MOVE = YES;
				CLANG_WARN_UNGUARDED_AVAILABILITY = YES_AGGRESSIVE;
				CLANG_WARN_UNREACHABLE_CODE = YES;
				CLANG_WARN__DUPLICATE_METHOD_MATCH = YES;
				COPY_PHASE_STRIP = NO;
				DEBUG_INFORMATION_FORMAT = dwarf;
				ENABLE_STRICT_OBJC_MSGSEND = YES;
				ENABLE_TESTABILITY = YES;
				GCC_C_LANGUAGE_STANDARD = gnu11;
				GCC_DYNAMIC_NO_PIC = NO;
				GCC_NO_COMMON_BLOCKS = YES;
				GCC_OPTIMIZATION_LEVEL = 0;
				GCC_PREPROCESSOR_DEFINITIONS = (
					"DEBUG=1",
					"$(inherited)",
				);
				GCC_WARN_64_TO_32_BIT_CONVERSION = YES;
				GCC_WARN_ABOUT_RETURN_TYPE = YES_ERROR;
				GCC_WARN_UNDECLARED_SELECTOR = YES;
				GCC_WARN_UNINITIALIZED_AUTOS = YES_AGGRESSIVE;
				GCC_WARN_UNUSED_FUNCTION = YES;
				GCC_WARN_UNUSED_VARIABLE = YES;
				IPHONEOS_DEPLOYMENT_TARGET = 16.2;
				MTL_ENABLE_DEBUG_INFO = INCLUDE_SOURCE;
				MTL_FAST_MATH = YES;
				ONLY_ACTIVE_ARCH = YES;
				SDKROOT = iphoneos;
				SWIFT_ACTIVE_COMPILATION_CONDITIONS = DEBUG;
				SWIFT_OPTIMIZATION_LEVEL = "-Onone";
			};
			name = Debug;
		};
		57962D3D29DDF9F900747D54 /* Release */ = {
			isa = XCBuildConfiguration;
			buildSettings = {
				ALWAYS_SEARCH_USER_PATHS = NO;
				CLANG_ANALYZER_NONNULL = YES;
				CLANG_ANALYZER_NUMBER_OBJECT_CONVERSION = YES_AGGRESSIVE;
				CLANG_CXX_LANGUAGE_STANDARD = "gnu++20";
				CLANG_ENABLE_MODULES = YES;
				CLANG_ENABLE_OBJC_ARC = YES;
				CLANG_ENABLE_OBJC_WEAK = YES;
				CLANG_WARN_BLOCK_CAPTURE_AUTORELEASING = YES;
				CLANG_WARN_BOOL_CONVERSION = YES;
				CLANG_WARN_COMMA = YES;
				CLANG_WARN_CONSTANT_CONVERSION = YES;
				CLANG_WARN_DEPRECATED_OBJC_IMPLEMENTATIONS = YES;
				CLANG_WARN_DIRECT_OBJC_ISA_USAGE = YES_ERROR;
				CLANG_WARN_DOCUMENTATION_COMMENTS = YES;
				CLANG_WARN_EMPTY_BODY = YES;
				CLANG_WARN_ENUM_CONVERSION = YES;
				CLANG_WARN_INFINITE_RECURSION = YES;
				CLANG_WARN_INT_CONVERSION = YES;
				CLANG_WARN_NON_LITERAL_NULL_CONVERSION = YES;
				CLANG_WARN_OBJC_IMPLICIT_RETAIN_SELF = YES;
				CLANG_WARN_OBJC_LITERAL_CONVERSION = YES;
				CLANG_WARN_OBJC_ROOT_CLASS = YES_ERROR;
				CLANG_WARN_QUOTED_INCLUDE_IN_FRAMEWORK_HEADER = YES;
				CLANG_WARN_RANGE_LOOP_ANALYSIS = YES;
				CLANG_WARN_STRICT_PROTOTYPES = YES;
				CLANG_WARN_SUSPICIOUS_MOVE = YES;
				CLANG_WARN_UNGUARDED_AVAILABILITY = YES_AGGRESSIVE;
				CLANG_WARN_UNREACHABLE_CODE = YES;
				CLANG_WARN__DUPLICATE_METHOD_MATCH = YES;
				COPY_PHASE_STRIP = NO;
				DEBUG_INFORMATION_FORMAT = "dwarf-with-dsym";
				ENABLE_NS_ASSERTIONS = NO;
				ENABLE_STRICT_OBJC_MSGSEND = YES;
				GCC_C_LANGUAGE_STANDARD = gnu11;
				GCC_NO_COMMON_BLOCKS = YES;
				GCC_WARN_64_TO_32_BIT_CONVERSION = YES;
				GCC_WARN_ABOUT_RETURN_TYPE = YES_ERROR;
				GCC_WARN_UNDECLARED_SELECTOR = YES;
				GCC_WARN_UNINITIALIZED_AUTOS = YES_AGGRESSIVE;
				GCC_WARN_UNUSED_FUNCTION = YES;
				GCC_WARN_UNUSED_VARIABLE = YES;
				IPHONEOS_DEPLOYMENT_TARGET = 16.2;
				MTL_ENABLE_DEBUG_INFO = NO;
				MTL_FAST_MATH = YES;
				SDKROOT = iphoneos;
				SWIFT_COMPILATION_MODE = wholemodule;
				SWIFT_OPTIMIZATION_LEVEL = "-O";
				VALIDATE_PRODUCT = YES;
			};
			name = Release;
		};
		57962D3F29DDF9F900747D54 /* Debug */ = {
			isa = XCBuildConfiguration;
			buildSettings = {
				ASSETCATALOG_COMPILER_APPICON_NAME = AppIcon;
				ASSETCATALOG_COMPILER_GLOBAL_ACCENT_COLOR_NAME = AccentColor;
				CODE_SIGN_STYLE = Automatic;
				CURRENT_PROJECT_VERSION = 1;
				DEVELOPMENT_TEAM = P3BYVBK57Z;
				GENERATE_INFOPLIST_FILE = YES;
				INFOPLIST_FILE = SpaceX/Application/Info.plist;
				INFOPLIST_KEY_UIApplicationSupportsIndirectInputEvents = YES;
				INFOPLIST_KEY_UILaunchStoryboardName = LaunchScreen;
				INFOPLIST_KEY_UIMainStoryboardFile = Main;
				INFOPLIST_KEY_UISupportedInterfaceOrientations = UIInterfaceOrientationPortrait;
				INFOPLIST_KEY_UISupportedInterfaceOrientations_iPad = "UIInterfaceOrientationLandscapeLeft UIInterfaceOrientationLandscapeRight UIInterfaceOrientationPortrait UIInterfaceOrientationPortraitUpsideDown";
				INFOPLIST_KEY_UIUserInterfaceStyle = Dark;
				IPHONEOS_DEPLOYMENT_TARGET = 13.0;
				LD_RUNPATH_SEARCH_PATHS = (
					"$(inherited)",
					"@executable_path/Frameworks",
				);
				MARKETING_VERSION = 1.0;
				PRODUCT_BUNDLE_IDENTIFIER = ios.biiak.SpaceX;
				PRODUCT_NAME = "$(TARGET_NAME)";
				SUPPORTED_PLATFORMS = "iphoneos iphonesimulator";
				SUPPORTS_MACCATALYST = NO;
				SUPPORTS_MAC_DESIGNED_FOR_IPHONE_IPAD = NO;
				SWIFT_EMIT_LOC_STRINGS = YES;
				SWIFT_VERSION = 5.0;
				TARGETED_DEVICE_FAMILY = 1;
			};
			name = Debug;
		};
		57962D4029DDF9F900747D54 /* Release */ = {
			isa = XCBuildConfiguration;
			buildSettings = {
				ASSETCATALOG_COMPILER_APPICON_NAME = AppIcon;
				ASSETCATALOG_COMPILER_GLOBAL_ACCENT_COLOR_NAME = AccentColor;
				CODE_SIGN_STYLE = Automatic;
				CURRENT_PROJECT_VERSION = 1;
				DEVELOPMENT_TEAM = P3BYVBK57Z;
				GENERATE_INFOPLIST_FILE = YES;
				INFOPLIST_FILE = SpaceX/Application/Info.plist;
				INFOPLIST_KEY_UIApplicationSupportsIndirectInputEvents = YES;
				INFOPLIST_KEY_UILaunchStoryboardName = LaunchScreen;
				INFOPLIST_KEY_UIMainStoryboardFile = Main;
				INFOPLIST_KEY_UISupportedInterfaceOrientations = UIInterfaceOrientationPortrait;
				INFOPLIST_KEY_UISupportedInterfaceOrientations_iPad = "UIInterfaceOrientationLandscapeLeft UIInterfaceOrientationLandscapeRight UIInterfaceOrientationPortrait UIInterfaceOrientationPortraitUpsideDown";
				INFOPLIST_KEY_UIUserInterfaceStyle = Dark;
				IPHONEOS_DEPLOYMENT_TARGET = 13.0;
				LD_RUNPATH_SEARCH_PATHS = (
					"$(inherited)",
					"@executable_path/Frameworks",
				);
				MARKETING_VERSION = 1.0;
				PRODUCT_BUNDLE_IDENTIFIER = ios.biiak.SpaceX;
				PRODUCT_NAME = "$(TARGET_NAME)";
				SUPPORTED_PLATFORMS = "iphoneos iphonesimulator";
				SUPPORTS_MACCATALYST = NO;
				SUPPORTS_MAC_DESIGNED_FOR_IPHONE_IPAD = NO;
				SWIFT_EMIT_LOC_STRINGS = YES;
				SWIFT_VERSION = 5.0;
				TARGETED_DEVICE_FAMILY = 1;
			};
			name = Release;
		};
/* End XCBuildConfiguration section */

/* Begin XCConfigurationList section */
		57962D2529DDF9F700747D54 /* Build configuration list for PBXProject "SpaceX" */ = {
			isa = XCConfigurationList;
			buildConfigurations = (
				57962D3C29DDF9F900747D54 /* Debug */,
				57962D3D29DDF9F900747D54 /* Release */,
			);
			defaultConfigurationIsVisible = 0;
			defaultConfigurationName = Release;
		};
		57962D3E29DDF9F900747D54 /* Build configuration list for PBXNativeTarget "SpaceX" */ = {
			isa = XCConfigurationList;
			buildConfigurations = (
				57962D3F29DDF9F900747D54 /* Debug */,
				57962D4029DDF9F900747D54 /* Release */,
			);
			defaultConfigurationIsVisible = 0;
			defaultConfigurationName = Release;
		};
/* End XCConfigurationList section */

/* Begin XCRemoteSwiftPackageReference section */
		57962D4129DEFD8F00747D54 /* XCRemoteSwiftPackageReference "apollo-ios" */ = {
			isa = XCRemoteSwiftPackageReference;
			repositoryURL = "https://github.com/apollographql/apollo-ios.git";
			requirement = {
				kind = upToNextMajorVersion;
				minimumVersion = 1.0.0;
			};
		};
/* End XCRemoteSwiftPackageReference section */

/* Begin XCSwiftPackageProductDependency section */
		57962D4229DEFD8F00747D54 /* Apollo */ = {
			isa = XCSwiftPackageProductDependency;
			package = 57962D4129DEFD8F00747D54 /* XCRemoteSwiftPackageReference "apollo-ios" */;
			productName = Apollo;
		};
/* End XCSwiftPackageProductDependency section */
	};
	rootObject = 57962D2229DDF9F700747D54 /* Project object */;
}
