// !$*UTF8*$!
{
	archiveVersion = 1;
	classes = {
	};
	objectVersion = 56;
	objects = {

/* Begin PBXBuildFile section */
		5713D91629EEA1C800A7A8B5 /* ActivityIndicatorView.swift in Sources */ = {isa = PBXBuildFile; fileRef = 5713D91529EEA1C800A7A8B5 /* ActivityIndicatorView.swift */; };
		5713D91829EEC77C00A7A8B5 /* SpaceX.ttf in Resources */ = {isa = PBXBuildFile; fileRef = 5713D91729EEC77C00A7A8B5 /* SpaceX.ttf */; };
		5713D91B29EEDF0F00A7A8B5 /* Rocket3DViewController.swift in Sources */ = {isa = PBXBuildFile; fileRef = 5713D91A29EEDF0F00A7A8B5 /* Rocket3DViewController.swift */; };
		5713D91D29EEE28000A7A8B5 /* Rocket3DInteractor.swift in Sources */ = {isa = PBXBuildFile; fileRef = 5713D91C29EEE28000A7A8B5 /* Rocket3DInteractor.swift */; };
		5713D91F29EEE28700A7A8B5 /* Rocket3DPresenter.swift in Sources */ = {isa = PBXBuildFile; fileRef = 5713D91E29EEE28600A7A8B5 /* Rocket3DPresenter.swift */; };
		5713D92129EEE28F00A7A8B5 /* Rocket3DRouter.swift in Sources */ = {isa = PBXBuildFile; fileRef = 5713D92029EEE28F00A7A8B5 /* Rocket3DRouter.swift */; };
		5713D92329EEE29400A7A8B5 /* Rocket3DModels.swift in Sources */ = {isa = PBXBuildFile; fileRef = 5713D92229EEE29400A7A8B5 /* Rocket3DModels.swift */; };
		5713D92529EEE29F00A7A8B5 /* Rocket3DConfigurator.swift in Sources */ = {isa = PBXBuildFile; fileRef = 5713D92429EEE29F00A7A8B5 /* Rocket3DConfigurator.swift */; };
		5727172429E2C862004F80BA /* SpacexApiQueries.graphql in Resources */ = {isa = PBXBuildFile; fileRef = 5727172229E2C862004F80BA /* SpacexApiQueries.graphql */; };
		5727172529E2C862004F80BA /* SpacexAPI.graphqls in Resources */ = {isa = PBXBuildFile; fileRef = 5727172329E2C862004F80BA /* SpacexAPI.graphqls */; };
		5727173C29E3090B004F80BA /* LaunchesViewController.swift in Sources */ = {isa = PBXBuildFile; fileRef = 5727173B29E3090B004F80BA /* LaunchesViewController.swift */; };
		5727173F29E30950004F80BA /* LaunchViewCell.swift in Sources */ = {isa = PBXBuildFile; fileRef = 5727173E29E30950004F80BA /* LaunchViewCell.swift */; };
		5727174129E31873004F80BA /* LaunchesModels.swift in Sources */ = {isa = PBXBuildFile; fileRef = 5727174029E31873004F80BA /* LaunchesModels.swift */; };
		5727174329E31A9D004F80BA /* LaunchesPresenter.swift in Sources */ = {isa = PBXBuildFile; fileRef = 5727174229E31A9D004F80BA /* LaunchesPresenter.swift */; };
		5727174529E31AAC004F80BA /* LaunchesInteractor.swift in Sources */ = {isa = PBXBuildFile; fileRef = 5727174429E31AAC004F80BA /* LaunchesInteractor.swift */; };
		5727174729E31BC2004F80BA /* LaunchesRouter.swift in Sources */ = {isa = PBXBuildFile; fileRef = 5727174629E31BC2004F80BA /* LaunchesRouter.swift */; };
		5727176029E31E0D004F80BA /* SpacexAPI.graphql.swift in Sources */ = {isa = PBXBuildFile; fileRef = 5727175629E31E0D004F80BA /* SpacexAPI.graphql.swift */; };
		5727176229E32F1B004F80BA /* Date + .swift in Sources */ = {isa = PBXBuildFile; fileRef = 5727176129E32F1B004F80BA /* Date + .swift */; };
		5727176629E33049004F80BA /* NetworkRequest.swift in Sources */ = {isa = PBXBuildFile; fileRef = 5727176529E33049004F80BA /* NetworkRequest.swift */; };
		5727176829E3305E004F80BA /* ImageRequest.swift in Sources */ = {isa = PBXBuildFile; fileRef = 5727176729E3305E004F80BA /* ImageRequest.swift */; };
		5727176A29E334CC004F80BA /* LaunchesConfigurator.swift in Sources */ = {isa = PBXBuildFile; fileRef = 5727176929E334CC004F80BA /* LaunchesConfigurator.swift */; };
		57289FCD29E4821800B3CB2C /* UIImageView + .swift in Sources */ = {isa = PBXBuildFile; fileRef = 57289FCC29E4821800B3CB2C /* UIImageView + .swift */; };
		57289FF129E6CD9000B3CB2C /* LaunchDetailsInteractor.swift in Sources */ = {isa = PBXBuildFile; fileRef = 57289FEB29E6CD9000B3CB2C /* LaunchDetailsInteractor.swift */; };
		57289FF229E6CD9000B3CB2C /* LaunchDetailsConfigurator.swift in Sources */ = {isa = PBXBuildFile; fileRef = 57289FEC29E6CD9000B3CB2C /* LaunchDetailsConfigurator.swift */; };
		57289FF329E6CD9000B3CB2C /* LaunchDetailsModels.swift in Sources */ = {isa = PBXBuildFile; fileRef = 57289FED29E6CD9000B3CB2C /* LaunchDetailsModels.swift */; };
		57289FF429E6CD9000B3CB2C /* LaunchDetailsRouter.swift in Sources */ = {isa = PBXBuildFile; fileRef = 57289FEE29E6CD9000B3CB2C /* LaunchDetailsRouter.swift */; };
		57289FF529E6CD9000B3CB2C /* LaunchDetailsPresenter.swift in Sources */ = {isa = PBXBuildFile; fileRef = 57289FEF29E6CD9000B3CB2C /* LaunchDetailsPresenter.swift */; };
		57289FF629E6CD9000B3CB2C /* LaunchDetailsViewController.swift in Sources */ = {isa = PBXBuildFile; fileRef = 57289FF029E6CD9000B3CB2C /* LaunchDetailsViewController.swift */; };
		5728A01729E7038200B3CB2C /* Launch.swift in Sources */ = {isa = PBXBuildFile; fileRef = 5728A01629E7038200B3CB2C /* Launch.swift */; };
		5740289729E9CC84004632BD /* Date.swift in Sources */ = {isa = PBXBuildFile; fileRef = 5740287F29E9CC84004632BD /* Date.swift */; };
		5740289829E9CC84004632BD /* LaunchLinks.graphql.swift in Sources */ = {isa = PBXBuildFile; fileRef = 5740288129E9CC84004632BD /* LaunchLinks.graphql.swift */; };
		5740289929E9CC84004632BD /* Force.graphql.swift in Sources */ = {isa = PBXBuildFile; fileRef = 5740288229E9CC84004632BD /* Force.graphql.swift */; };
		5740289A29E9CC84004632BD /* Launch.graphql.swift in Sources */ = {isa = PBXBuildFile; fileRef = 5740288329E9CC84004632BD /* Launch.graphql.swift */; };
		5740289B29E9CC84004632BD /* RocketEngines.graphql.swift in Sources */ = {isa = PBXBuildFile; fileRef = 5740288429E9CC84004632BD /* RocketEngines.graphql.swift */; };
		5740289C29E9CC84004632BD /* Rocket.graphql.swift in Sources */ = {isa = PBXBuildFile; fileRef = 5740288529E9CC84004632BD /* Rocket.graphql.swift */; };
		5740289D29E9CC84004632BD /* Distance.graphql.swift in Sources */ = {isa = PBXBuildFile; fileRef = 5740288629E9CC84004632BD /* Distance.graphql.swift */; };
		5740289E29E9CC84004632BD /* RocketPayloadWeight.graphql.swift in Sources */ = {isa = PBXBuildFile; fileRef = 5740288729E9CC84004632BD /* RocketPayloadWeight.graphql.swift */; };
		5740289F29E9CC84004632BD /* LaunchRocket.graphql.swift in Sources */ = {isa = PBXBuildFile; fileRef = 5740288829E9CC84004632BD /* LaunchRocket.graphql.swift */; };
		574028A029E9CC84004632BD /* Query.graphql.swift in Sources */ = {isa = PBXBuildFile; fileRef = 5740288929E9CC84004632BD /* Query.graphql.swift */; };
		574028A129E9CC84004632BD /* RocketSecondStage.graphql.swift in Sources */ = {isa = PBXBuildFile; fileRef = 5740288A29E9CC84004632BD /* RocketSecondStage.graphql.swift */; };
		574028A229E9CC84004632BD /* RocketSecondStagePayloads.graphql.swift in Sources */ = {isa = PBXBuildFile; fileRef = 5740288B29E9CC84004632BD /* RocketSecondStagePayloads.graphql.swift */; };
		574028A329E9CC84004632BD /* RocketSecondStagePayloadCompositeFairing.graphql.swift in Sources */ = {isa = PBXBuildFile; fileRef = 5740288C29E9CC84004632BD /* RocketSecondStagePayloadCompositeFairing.graphql.swift */; };
		574028A429E9CC84004632BD /* Mass.graphql.swift in Sources */ = {isa = PBXBuildFile; fileRef = 5740288D29E9CC84004632BD /* Mass.graphql.swift */; };
		574028A529E9CC84004632BD /* RocketLandingLegs.graphql.swift in Sources */ = {isa = PBXBuildFile; fileRef = 5740288E29E9CC84004632BD /* RocketLandingLegs.graphql.swift */; };
		574028A629E9CC84004632BD /* RocketFirstStage.graphql.swift in Sources */ = {isa = PBXBuildFile; fileRef = 5740288F29E9CC84004632BD /* RocketFirstStage.graphql.swift */; };
		574028A729E9CC84004632BD /* SchemaConfiguration.swift in Sources */ = {isa = PBXBuildFile; fileRef = 5740289029E9CC84004632BD /* SchemaConfiguration.swift */; };
		574028A829E9CC84004632BD /* SchemaMetadata.graphql.swift in Sources */ = {isa = PBXBuildFile; fileRef = 5740289129E9CC84004632BD /* SchemaMetadata.graphql.swift */; };
		574028A929E9CC84004632BD /* RocketQuery.graphql.swift in Sources */ = {isa = PBXBuildFile; fileRef = 5740289429E9CC84004632BD /* RocketQuery.graphql.swift */; };
		574028AA29E9CC84004632BD /* RocketNamesAndDescriptionsQuery.graphql.swift in Sources */ = {isa = PBXBuildFile; fileRef = 5740289529E9CC84004632BD /* RocketNamesAndDescriptionsQuery.graphql.swift */; };
		574028AB29E9CC84004632BD /* LaunchesQuery.graphql.swift in Sources */ = {isa = PBXBuildFile; fileRef = 5740289629E9CC84004632BD /* LaunchesQuery.graphql.swift */; };
		57962D2E29DDF9F700747D54 /* AppDelegate.swift in Sources */ = {isa = PBXBuildFile; fileRef = 57962D2D29DDF9F700747D54 /* AppDelegate.swift */; };
		57962D3029DDF9F700747D54 /* SceneDelegate.swift in Sources */ = {isa = PBXBuildFile; fileRef = 57962D2F29DDF9F700747D54 /* SceneDelegate.swift */; };
		57962D3229DDF9F700747D54 /* HomeViewController.swift in Sources */ = {isa = PBXBuildFile; fileRef = 57962D3129DDF9F700747D54 /* HomeViewController.swift */; };
		57962D3529DDF9F700747D54 /* Main.storyboard in Resources */ = {isa = PBXBuildFile; fileRef = 57962D3329DDF9F700747D54 /* Main.storyboard */; };
		57962D3729DDF9F900747D54 /* Assets.xcassets in Resources */ = {isa = PBXBuildFile; fileRef = 57962D3629DDF9F900747D54 /* Assets.xcassets */; };
		57962D3A29DDF9F900747D54 /* LaunchScreen.storyboard in Resources */ = {isa = PBXBuildFile; fileRef = 57962D3829DDF9F900747D54 /* LaunchScreen.storyboard */; };
		57962D4329DEFD8F00747D54 /* Apollo in Frameworks */ = {isa = PBXBuildFile; productRef = 57962D4229DEFD8F00747D54 /* Apollo */; };
		57A6CDEA29E8510B004E2BB5 /* RocketViewController.swift in Sources */ = {isa = PBXBuildFile; fileRef = 57A6CDE929E8510B004E2BB5 /* RocketViewController.swift */; };
		57A6CDEC29E85117004E2BB5 /* RocketInteractor.swift in Sources */ = {isa = PBXBuildFile; fileRef = 57A6CDEB29E85117004E2BB5 /* RocketInteractor.swift */; };
		57A6CDEE29E8511F004E2BB5 /* RocketPresenter.swift in Sources */ = {isa = PBXBuildFile; fileRef = 57A6CDED29E8511F004E2BB5 /* RocketPresenter.swift */; };
		57A6CDF029E85126004E2BB5 /* RocketRouter.swift in Sources */ = {isa = PBXBuildFile; fileRef = 57A6CDEF29E85126004E2BB5 /* RocketRouter.swift */; };
		57A6CDF229E85133004E2BB5 /* RocketModels.swift in Sources */ = {isa = PBXBuildFile; fileRef = 57A6CDF129E85133004E2BB5 /* RocketModels.swift */; };
		57A6CDF429E8513C004E2BB5 /* RocketConfigurator.swift in Sources */ = {isa = PBXBuildFile; fileRef = 57A6CDF329E8513C004E2BB5 /* RocketConfigurator.swift */; };
		57A6CDF729E858C3004E2BB5 /* UIStoryboard + .swift in Sources */ = {isa = PBXBuildFile; fileRef = 57A6CDF629E858C3004E2BB5 /* UIStoryboard + .swift */; };
		57C8E8D529E70FE3005AF9DC /* LaunchImageCell.swift in Sources */ = {isa = PBXBuildFile; fileRef = 57C8E8D429E70FE3005AF9DC /* LaunchImageCell.swift */; };
		57C8E8D729E72E16005AF9DC /* SplashViewController.swift in Sources */ = {isa = PBXBuildFile; fileRef = 57C8E8D629E72E16005AF9DC /* SplashViewController.swift */; };
		57F14CA329DF3BD900A32207 /* UIImage + .swift in Sources */ = {isa = PBXBuildFile; fileRef = 57F14CA229DF3BD900A32207 /* UIImage + .swift */; };
		57F14CA529DF421500A32207 /* UIColor + .swift in Sources */ = {isa = PBXBuildFile; fileRef = 57F14CA429DF421500A32207 /* UIColor + .swift */; };
		57F14CA729DF437400A32207 /* UIApplication + .swift in Sources */ = {isa = PBXBuildFile; fileRef = 57F14CA629DF437400A32207 /* UIApplication + .swift */; };
		57F14CA929E00EEB00A32207 /* HomeViewCell.swift in Sources */ = {isa = PBXBuildFile; fileRef = 57F14CA829E00EEA00A32207 /* HomeViewCell.swift */; };
		57F14CB729E19F0100A32207 /* HomeConfigurator.swift in Sources */ = {isa = PBXBuildFile; fileRef = 57F14CB629E19F0100A32207 /* HomeConfigurator.swift */; };
		57F14CB929E19F5800A32207 /* HomeInteractor.swift in Sources */ = {isa = PBXBuildFile; fileRef = 57F14CB829E19F5800A32207 /* HomeInteractor.swift */; };
		57F14CBB29E19F6800A32207 /* HomePresenter.swift in Sources */ = {isa = PBXBuildFile; fileRef = 57F14CBA29E19F6800A32207 /* HomePresenter.swift */; };
		57F14CBD29E19FC400A32207 /* HomeRouter.swift in Sources */ = {isa = PBXBuildFile; fileRef = 57F14CBC29E19FC400A32207 /* HomeRouter.swift */; };
		57F14CC129E1AD8600A32207 /* HomeModels.swift in Sources */ = {isa = PBXBuildFile; fileRef = 57F14CC029E1AD8600A32207 /* HomeModels.swift */; };
/* End PBXBuildFile section */

/* Begin PBXFileReference section */
		5713D91529EEA1C800A7A8B5 /* ActivityIndicatorView.swift */ = {isa = PBXFileReference; lastKnownFileType = sourcecode.swift; path = ActivityIndicatorView.swift; sourceTree = "<group>"; };
		5713D91729EEC77C00A7A8B5 /* SpaceX.ttf */ = {isa = PBXFileReference; lastKnownFileType = file; path = SpaceX.ttf; sourceTree = "<group>"; };
		5713D91A29EEDF0F00A7A8B5 /* Rocket3DViewController.swift */ = {isa = PBXFileReference; lastKnownFileType = sourcecode.swift; path = Rocket3DViewController.swift; sourceTree = "<group>"; };
		5713D91C29EEE28000A7A8B5 /* Rocket3DInteractor.swift */ = {isa = PBXFileReference; lastKnownFileType = sourcecode.swift; path = Rocket3DInteractor.swift; sourceTree = "<group>"; };
		5713D91E29EEE28600A7A8B5 /* Rocket3DPresenter.swift */ = {isa = PBXFileReference; lastKnownFileType = sourcecode.swift; path = Rocket3DPresenter.swift; sourceTree = "<group>"; };
		5713D92029EEE28F00A7A8B5 /* Rocket3DRouter.swift */ = {isa = PBXFileReference; lastKnownFileType = sourcecode.swift; path = Rocket3DRouter.swift; sourceTree = "<group>"; };
		5713D92229EEE29400A7A8B5 /* Rocket3DModels.swift */ = {isa = PBXFileReference; lastKnownFileType = sourcecode.swift; path = Rocket3DModels.swift; sourceTree = "<group>"; };
		5713D92429EEE29F00A7A8B5 /* Rocket3DConfigurator.swift */ = {isa = PBXFileReference; lastKnownFileType = sourcecode.swift; path = Rocket3DConfigurator.swift; sourceTree = "<group>"; };
		5727172229E2C862004F80BA /* SpacexApiQueries.graphql */ = {isa = PBXFileReference; fileEncoding = 4; lastKnownFileType = text; path = SpacexApiQueries.graphql; sourceTree = "<group>"; };
		5727172329E2C862004F80BA /* SpacexAPI.graphqls */ = {isa = PBXFileReference; fileEncoding = 4; lastKnownFileType = text; path = SpacexAPI.graphqls; sourceTree = "<group>"; };
		5727173B29E3090B004F80BA /* LaunchesViewController.swift */ = {isa = PBXFileReference; lastKnownFileType = sourcecode.swift; path = LaunchesViewController.swift; sourceTree = "<group>"; };
		5727173E29E30950004F80BA /* LaunchViewCell.swift */ = {isa = PBXFileReference; lastKnownFileType = sourcecode.swift; path = LaunchViewCell.swift; sourceTree = "<group>"; };
		5727174029E31873004F80BA /* LaunchesModels.swift */ = {isa = PBXFileReference; lastKnownFileType = sourcecode.swift; path = LaunchesModels.swift; sourceTree = "<group>"; };
		5727174229E31A9D004F80BA /* LaunchesPresenter.swift */ = {isa = PBXFileReference; lastKnownFileType = sourcecode.swift; path = LaunchesPresenter.swift; sourceTree = "<group>"; };
		5727174429E31AAC004F80BA /* LaunchesInteractor.swift */ = {isa = PBXFileReference; lastKnownFileType = sourcecode.swift; path = LaunchesInteractor.swift; sourceTree = "<group>"; };
		5727174629E31BC2004F80BA /* LaunchesRouter.swift */ = {isa = PBXFileReference; lastKnownFileType = sourcecode.swift; path = LaunchesRouter.swift; sourceTree = "<group>"; };
		5727175629E31E0D004F80BA /* SpacexAPI.graphql.swift */ = {isa = PBXFileReference; fileEncoding = 4; lastKnownFileType = sourcecode.swift; path = SpacexAPI.graphql.swift; sourceTree = "<group>"; };
		5727176129E32F1B004F80BA /* Date + .swift */ = {isa = PBXFileReference; lastKnownFileType = sourcecode.swift; path = "Date + .swift"; sourceTree = "<group>"; };
		5727176529E33049004F80BA /* NetworkRequest.swift */ = {isa = PBXFileReference; lastKnownFileType = sourcecode.swift; path = NetworkRequest.swift; sourceTree = "<group>"; };
		5727176729E3305E004F80BA /* ImageRequest.swift */ = {isa = PBXFileReference; lastKnownFileType = sourcecode.swift; path = ImageRequest.swift; sourceTree = "<group>"; };
		5727176929E334CC004F80BA /* LaunchesConfigurator.swift */ = {isa = PBXFileReference; lastKnownFileType = sourcecode.swift; path = LaunchesConfigurator.swift; sourceTree = "<group>"; };
		57289FCC29E4821800B3CB2C /* UIImageView + .swift */ = {isa = PBXFileReference; lastKnownFileType = sourcecode.swift; path = "UIImageView + .swift"; sourceTree = "<group>"; };
		57289FEB29E6CD9000B3CB2C /* LaunchDetailsInteractor.swift */ = {isa = PBXFileReference; fileEncoding = 4; lastKnownFileType = sourcecode.swift; path = LaunchDetailsInteractor.swift; sourceTree = "<group>"; };
		57289FEC29E6CD9000B3CB2C /* LaunchDetailsConfigurator.swift */ = {isa = PBXFileReference; fileEncoding = 4; lastKnownFileType = sourcecode.swift; path = LaunchDetailsConfigurator.swift; sourceTree = "<group>"; };
		57289FED29E6CD9000B3CB2C /* LaunchDetailsModels.swift */ = {isa = PBXFileReference; fileEncoding = 4; lastKnownFileType = sourcecode.swift; path = LaunchDetailsModels.swift; sourceTree = "<group>"; };
		57289FEE29E6CD9000B3CB2C /* LaunchDetailsRouter.swift */ = {isa = PBXFileReference; fileEncoding = 4; lastKnownFileType = sourcecode.swift; path = LaunchDetailsRouter.swift; sourceTree = "<group>"; };
		57289FEF29E6CD9000B3CB2C /* LaunchDetailsPresenter.swift */ = {isa = PBXFileReference; fileEncoding = 4; lastKnownFileType = sourcecode.swift; path = LaunchDetailsPresenter.swift; sourceTree = "<group>"; };
		57289FF029E6CD9000B3CB2C /* LaunchDetailsViewController.swift */ = {isa = PBXFileReference; fileEncoding = 4; lastKnownFileType = sourcecode.swift; path = LaunchDetailsViewController.swift; sourceTree = "<group>"; };
		5728A01629E7038200B3CB2C /* Launch.swift */ = {isa = PBXFileReference; lastKnownFileType = sourcecode.swift; path = Launch.swift; sourceTree = "<group>"; };
		5740287F29E9CC84004632BD /* Date.swift */ = {isa = PBXFileReference; fileEncoding = 4; lastKnownFileType = sourcecode.swift; path = Date.swift; sourceTree = "<group>"; };
		5740288129E9CC84004632BD /* LaunchLinks.graphql.swift */ = {isa = PBXFileReference; fileEncoding = 4; lastKnownFileType = sourcecode.swift; path = LaunchLinks.graphql.swift; sourceTree = "<group>"; };
		5740288229E9CC84004632BD /* Force.graphql.swift */ = {isa = PBXFileReference; fileEncoding = 4; lastKnownFileType = sourcecode.swift; path = Force.graphql.swift; sourceTree = "<group>"; };
		5740288329E9CC84004632BD /* Launch.graphql.swift */ = {isa = PBXFileReference; fileEncoding = 4; lastKnownFileType = sourcecode.swift; path = Launch.graphql.swift; sourceTree = "<group>"; };
		5740288429E9CC84004632BD /* RocketEngines.graphql.swift */ = {isa = PBXFileReference; fileEncoding = 4; lastKnownFileType = sourcecode.swift; path = RocketEngines.graphql.swift; sourceTree = "<group>"; };
		5740288529E9CC84004632BD /* Rocket.graphql.swift */ = {isa = PBXFileReference; fileEncoding = 4; lastKnownFileType = sourcecode.swift; path = Rocket.graphql.swift; sourceTree = "<group>"; };
		5740288629E9CC84004632BD /* Distance.graphql.swift */ = {isa = PBXFileReference; fileEncoding = 4; lastKnownFileType = sourcecode.swift; path = Distance.graphql.swift; sourceTree = "<group>"; };
		5740288729E9CC84004632BD /* RocketPayloadWeight.graphql.swift */ = {isa = PBXFileReference; fileEncoding = 4; lastKnownFileType = sourcecode.swift; path = RocketPayloadWeight.graphql.swift; sourceTree = "<group>"; };
		5740288829E9CC84004632BD /* LaunchRocket.graphql.swift */ = {isa = PBXFileReference; fileEncoding = 4; lastKnownFileType = sourcecode.swift; path = LaunchRocket.graphql.swift; sourceTree = "<group>"; };
		5740288929E9CC84004632BD /* Query.graphql.swift */ = {isa = PBXFileReference; fileEncoding = 4; lastKnownFileType = sourcecode.swift; path = Query.graphql.swift; sourceTree = "<group>"; };
		5740288A29E9CC84004632BD /* RocketSecondStage.graphql.swift */ = {isa = PBXFileReference; fileEncoding = 4; lastKnownFileType = sourcecode.swift; path = RocketSecondStage.graphql.swift; sourceTree = "<group>"; };
		5740288B29E9CC84004632BD /* RocketSecondStagePayloads.graphql.swift */ = {isa = PBXFileReference; fileEncoding = 4; lastKnownFileType = sourcecode.swift; path = RocketSecondStagePayloads.graphql.swift; sourceTree = "<group>"; };
		5740288C29E9CC84004632BD /* RocketSecondStagePayloadCompositeFairing.graphql.swift */ = {isa = PBXFileReference; fileEncoding = 4; lastKnownFileType = sourcecode.swift; path = RocketSecondStagePayloadCompositeFairing.graphql.swift; sourceTree = "<group>"; };
		5740288D29E9CC84004632BD /* Mass.graphql.swift */ = {isa = PBXFileReference; fileEncoding = 4; lastKnownFileType = sourcecode.swift; path = Mass.graphql.swift; sourceTree = "<group>"; };
		5740288E29E9CC84004632BD /* RocketLandingLegs.graphql.swift */ = {isa = PBXFileReference; fileEncoding = 4; lastKnownFileType = sourcecode.swift; path = RocketLandingLegs.graphql.swift; sourceTree = "<group>"; };
		5740288F29E9CC84004632BD /* RocketFirstStage.graphql.swift */ = {isa = PBXFileReference; fileEncoding = 4; lastKnownFileType = sourcecode.swift; path = RocketFirstStage.graphql.swift; sourceTree = "<group>"; };
		5740289029E9CC84004632BD /* SchemaConfiguration.swift */ = {isa = PBXFileReference; fileEncoding = 4; lastKnownFileType = sourcecode.swift; path = SchemaConfiguration.swift; sourceTree = "<group>"; };
		5740289129E9CC84004632BD /* SchemaMetadata.graphql.swift */ = {isa = PBXFileReference; fileEncoding = 4; lastKnownFileType = sourcecode.swift; path = SchemaMetadata.graphql.swift; sourceTree = "<group>"; };
		5740289429E9CC84004632BD /* RocketQuery.graphql.swift */ = {isa = PBXFileReference; fileEncoding = 4; lastKnownFileType = sourcecode.swift; path = RocketQuery.graphql.swift; sourceTree = "<group>"; };
		5740289529E9CC84004632BD /* RocketNamesAndDescriptionsQuery.graphql.swift */ = {isa = PBXFileReference; fileEncoding = 4; lastKnownFileType = sourcecode.swift; path = RocketNamesAndDescriptionsQuery.graphql.swift; sourceTree = "<group>"; };
		5740289629E9CC84004632BD /* LaunchesQuery.graphql.swift */ = {isa = PBXFileReference; fileEncoding = 4; lastKnownFileType = sourcecode.swift; path = LaunchesQuery.graphql.swift; sourceTree = "<group>"; };
		57962D2A29DDF9F700747D54 /* SpaceX.app */ = {isa = PBXFileReference; explicitFileType = wrapper.application; includeInIndex = 0; path = SpaceX.app; sourceTree = BUILT_PRODUCTS_DIR; };
		57962D2D29DDF9F700747D54 /* AppDelegate.swift */ = {isa = PBXFileReference; lastKnownFileType = sourcecode.swift; path = AppDelegate.swift; sourceTree = "<group>"; };
		57962D2F29DDF9F700747D54 /* SceneDelegate.swift */ = {isa = PBXFileReference; lastKnownFileType = sourcecode.swift; path = SceneDelegate.swift; sourceTree = "<group>"; };
		57962D3129DDF9F700747D54 /* HomeViewController.swift */ = {isa = PBXFileReference; lastKnownFileType = sourcecode.swift; path = HomeViewController.swift; sourceTree = "<group>"; };
		57962D3429DDF9F700747D54 /* Base */ = {isa = PBXFileReference; lastKnownFileType = file.storyboard; name = Base; path = Base.lproj/Main.storyboard; sourceTree = "<group>"; };
		57962D3629DDF9F900747D54 /* Assets.xcassets */ = {isa = PBXFileReference; lastKnownFileType = folder.assetcatalog; path = Assets.xcassets; sourceTree = "<group>"; };
		57962D3929DDF9F900747D54 /* Base */ = {isa = PBXFileReference; lastKnownFileType = file.storyboard; name = Base; path = Base.lproj/LaunchScreen.storyboard; sourceTree = "<group>"; };
		57962D3B29DDF9F900747D54 /* Info.plist */ = {isa = PBXFileReference; lastKnownFileType = text.plist.xml; path = Info.plist; sourceTree = "<group>"; };
		57A6CDE929E8510B004E2BB5 /* RocketViewController.swift */ = {isa = PBXFileReference; lastKnownFileType = sourcecode.swift; path = RocketViewController.swift; sourceTree = "<group>"; };
		57A6CDEB29E85117004E2BB5 /* RocketInteractor.swift */ = {isa = PBXFileReference; lastKnownFileType = sourcecode.swift; path = RocketInteractor.swift; sourceTree = "<group>"; };
		57A6CDED29E8511F004E2BB5 /* RocketPresenter.swift */ = {isa = PBXFileReference; lastKnownFileType = sourcecode.swift; path = RocketPresenter.swift; sourceTree = "<group>"; };
		57A6CDEF29E85126004E2BB5 /* RocketRouter.swift */ = {isa = PBXFileReference; lastKnownFileType = sourcecode.swift; path = RocketRouter.swift; sourceTree = "<group>"; };
		57A6CDF129E85133004E2BB5 /* RocketModels.swift */ = {isa = PBXFileReference; lastKnownFileType = sourcecode.swift; path = RocketModels.swift; sourceTree = "<group>"; };
		57A6CDF329E8513C004E2BB5 /* RocketConfigurator.swift */ = {isa = PBXFileReference; lastKnownFileType = sourcecode.swift; path = RocketConfigurator.swift; sourceTree = "<group>"; };
		57A6CDF629E858C3004E2BB5 /* UIStoryboard + .swift */ = {isa = PBXFileReference; lastKnownFileType = sourcecode.swift; path = "UIStoryboard + .swift"; sourceTree = "<group>"; };
		57C8E8D429E70FE3005AF9DC /* LaunchImageCell.swift */ = {isa = PBXFileReference; lastKnownFileType = sourcecode.swift; path = LaunchImageCell.swift; sourceTree = "<group>"; };
		57C8E8D629E72E16005AF9DC /* SplashViewController.swift */ = {isa = PBXFileReference; lastKnownFileType = sourcecode.swift; path = SplashViewController.swift; sourceTree = "<group>"; };
		57F14CA229DF3BD900A32207 /* UIImage + .swift */ = {isa = PBXFileReference; lastKnownFileType = sourcecode.swift; path = "UIImage + .swift"; sourceTree = "<group>"; };
		57F14CA429DF421500A32207 /* UIColor + .swift */ = {isa = PBXFileReference; lastKnownFileType = sourcecode.swift; path = "UIColor + .swift"; sourceTree = "<group>"; };
		57F14CA629DF437400A32207 /* UIApplication + .swift */ = {isa = PBXFileReference; lastKnownFileType = sourcecode.swift; path = "UIApplication + .swift"; sourceTree = "<group>"; };
		57F14CA829E00EEA00A32207 /* HomeViewCell.swift */ = {isa = PBXFileReference; lastKnownFileType = sourcecode.swift; path = HomeViewCell.swift; sourceTree = "<group>"; };
		57F14CB629E19F0100A32207 /* HomeConfigurator.swift */ = {isa = PBXFileReference; lastKnownFileType = sourcecode.swift; path = HomeConfigurator.swift; sourceTree = "<group>"; };
		57F14CB829E19F5800A32207 /* HomeInteractor.swift */ = {isa = PBXFileReference; lastKnownFileType = sourcecode.swift; path = HomeInteractor.swift; sourceTree = "<group>"; };
		57F14CBA29E19F6800A32207 /* HomePresenter.swift */ = {isa = PBXFileReference; lastKnownFileType = sourcecode.swift; path = HomePresenter.swift; sourceTree = "<group>"; };
		57F14CBC29E19FC400A32207 /* HomeRouter.swift */ = {isa = PBXFileReference; lastKnownFileType = sourcecode.swift; path = HomeRouter.swift; sourceTree = "<group>"; };
		57F14CC029E1AD8600A32207 /* HomeModels.swift */ = {isa = PBXFileReference; lastKnownFileType = sourcecode.swift; path = HomeModels.swift; sourceTree = "<group>"; };
/* End PBXFileReference section */

/* Begin PBXFrameworksBuildPhase section */
		57962D2729DDF9F700747D54 /* Frameworks */ = {
			isa = PBXFrameworksBuildPhase;
			buildActionMask = 2147483647;
			files = (
				57962D4329DEFD8F00747D54 /* Apollo in Frameworks */,
			);
			runOnlyForDeploymentPostprocessing = 0;
		};
/* End PBXFrameworksBuildPhase section */

/* Begin PBXGroup section */
		5713D91429EEA1BC00A7A8B5 /* CustomViews */ = {
			isa = PBXGroup;
			children = (
				5713D91529EEA1C800A7A8B5 /* ActivityIndicatorView.swift */,
			);
			path = CustomViews;
			sourceTree = "<group>";
		};
		5713D91929EEDEEB00A7A8B5 /* Rocket3D */ = {
			isa = PBXGroup;
			children = (
				5713D91A29EEDF0F00A7A8B5 /* Rocket3DViewController.swift */,
				5713D91C29EEE28000A7A8B5 /* Rocket3DInteractor.swift */,
				5713D91E29EEE28600A7A8B5 /* Rocket3DPresenter.swift */,
				5713D92029EEE28F00A7A8B5 /* Rocket3DRouter.swift */,
				5713D92229EEE29400A7A8B5 /* Rocket3DModels.swift */,
				5713D92429EEE29F00A7A8B5 /* Rocket3DConfigurator.swift */,
			);
			path = Rocket3D;
			sourceTree = "<group>";
		};
		5727172629E2C866004F80BA /* SpacexAPI */ = {
			isa = PBXGroup;
			children = (
				5740289229E9CC84004632BD /* Operations */,
				5740287D29E9CC84004632BD /* Schema */,
				5727172229E2C862004F80BA /* SpacexApiQueries.graphql */,
				5727172329E2C862004F80BA /* SpacexAPI.graphqls */,
				5727175629E31E0D004F80BA /* SpacexAPI.graphql.swift */,
			);
			path = SpacexAPI;
			sourceTree = "<group>";
		};
		5727173829E2E39C004F80BA /* Application */ = {
			isa = PBXGroup;
			children = (
				57962D2D29DDF9F700747D54 /* AppDelegate.swift */,
				57962D2F29DDF9F700747D54 /* SceneDelegate.swift */,
				57C8E8D629E72E16005AF9DC /* SplashViewController.swift */,
				57962D3B29DDF9F900747D54 /* Info.plist */,
			);
			path = Application;
			sourceTree = "<group>";
		};
		5727173929E308E8004F80BA /* Launches */ = {
			isa = PBXGroup;
			children = (
				5727173D29E30931004F80BA /* Views */,
				5727173B29E3090B004F80BA /* LaunchesViewController.swift */,
				5727174429E31AAC004F80BA /* LaunchesInteractor.swift */,
				5727174229E31A9D004F80BA /* LaunchesPresenter.swift */,
				5727174629E31BC2004F80BA /* LaunchesRouter.swift */,
				5727174029E31873004F80BA /* LaunchesModels.swift */,
				5727176929E334CC004F80BA /* LaunchesConfigurator.swift */,
			);
			path = Launches;
			sourceTree = "<group>";
		};
		5727173A29E308F8004F80BA /* Scenes */ = {
			isa = PBXGroup;
			children = (
				57F14CBE29E19FE700A32207 /* Home */,
				5727173929E308E8004F80BA /* Launches */,
				57289FEA29E6CD9000B3CB2C /* LaunchDetails */,
				57A6CDE829E850AA004E2BB5 /* Rocket */,
				5713D91929EEDEEB00A7A8B5 /* Rocket3D */,
			);
			path = Scenes;
			sourceTree = "<group>";
		};
		5727173D29E30931004F80BA /* Views */ = {
			isa = PBXGroup;
			children = (
				5727173E29E30950004F80BA /* LaunchViewCell.swift */,
			);
			path = Views;
			sourceTree = "<group>";
		};
		5727176329E32FFB004F80BA /* Services */ = {
			isa = PBXGroup;
			children = (
				5727176429E32FFE004F80BA /* Networking */,
			);
			path = Services;
			sourceTree = "<group>";
		};
		5727176429E32FFE004F80BA /* Networking */ = {
			isa = PBXGroup;
			children = (
				5727176529E33049004F80BA /* NetworkRequest.swift */,
				5727176729E3305E004F80BA /* ImageRequest.swift */,
			);
			path = Networking;
			sourceTree = "<group>";
		};
		57289FEA29E6CD9000B3CB2C /* LaunchDetails */ = {
			isa = PBXGroup;
			children = (
				5728A03529E70FA300B3CB2C /* Views */,
				57289FF029E6CD9000B3CB2C /* LaunchDetailsViewController.swift */,
				57289FEB29E6CD9000B3CB2C /* LaunchDetailsInteractor.swift */,
				57289FEF29E6CD9000B3CB2C /* LaunchDetailsPresenter.swift */,
				57289FEE29E6CD9000B3CB2C /* LaunchDetailsRouter.swift */,
				57289FED29E6CD9000B3CB2C /* LaunchDetailsModels.swift */,
				57289FEC29E6CD9000B3CB2C /* LaunchDetailsConfigurator.swift */,
			);
			name = LaunchDetails;
			path = SpaceX/Scenes/LaunchDetails;
			sourceTree = SOURCE_ROOT;
		};
		5728A03529E70FA300B3CB2C /* Views */ = {
			isa = PBXGroup;
			children = (
				57C8E8D429E70FE3005AF9DC /* LaunchImageCell.swift */,
			);
			path = Views;
			sourceTree = "<group>";
		};
		5740287D29E9CC84004632BD /* Schema */ = {
			isa = PBXGroup;
			children = (
				5740287E29E9CC84004632BD /* CustomScalars */,
				5740288029E9CC84004632BD /* Objects */,
				5740289029E9CC84004632BD /* SchemaConfiguration.swift */,
				5740289129E9CC84004632BD /* SchemaMetadata.graphql.swift */,
			);
			path = Schema;
			sourceTree = "<group>";
		};
		5740287E29E9CC84004632BD /* CustomScalars */ = {
			isa = PBXGroup;
			children = (
				5740287F29E9CC84004632BD /* Date.swift */,
			);
			path = CustomScalars;
			sourceTree = "<group>";
		};
		5740288029E9CC84004632BD /* Objects */ = {
			isa = PBXGroup;
			children = (
				5740288129E9CC84004632BD /* LaunchLinks.graphql.swift */,
				5740288229E9CC84004632BD /* Force.graphql.swift */,
				5740288329E9CC84004632BD /* Launch.graphql.swift */,
				5740288429E9CC84004632BD /* RocketEngines.graphql.swift */,
				5740288529E9CC84004632BD /* Rocket.graphql.swift */,
				5740288629E9CC84004632BD /* Distance.graphql.swift */,
				5740288729E9CC84004632BD /* RocketPayloadWeight.graphql.swift */,
				5740288829E9CC84004632BD /* LaunchRocket.graphql.swift */,
				5740288929E9CC84004632BD /* Query.graphql.swift */,
				5740288A29E9CC84004632BD /* RocketSecondStage.graphql.swift */,
				5740288B29E9CC84004632BD /* RocketSecondStagePayloads.graphql.swift */,
				5740288C29E9CC84004632BD /* RocketSecondStagePayloadCompositeFairing.graphql.swift */,
				5740288D29E9CC84004632BD /* Mass.graphql.swift */,
				5740288E29E9CC84004632BD /* RocketLandingLegs.graphql.swift */,
				5740288F29E9CC84004632BD /* RocketFirstStage.graphql.swift */,
			);
			path = Objects;
			sourceTree = "<group>";
		};
		5740289229E9CC84004632BD /* Operations */ = {
			isa = PBXGroup;
			children = (
				5740289329E9CC84004632BD /* Queries */,
			);
			path = Operations;
			sourceTree = "<group>";
		};
		5740289329E9CC84004632BD /* Queries */ = {
			isa = PBXGroup;
			children = (
				5740289429E9CC84004632BD /* RocketQuery.graphql.swift */,
				5740289529E9CC84004632BD /* RocketNamesAndDescriptionsQuery.graphql.swift */,
				5740289629E9CC84004632BD /* LaunchesQuery.graphql.swift */,
			);
			path = Queries;
			sourceTree = "<group>";
		};
		57962D2129DDF9F700747D54 = {
			isa = PBXGroup;
			children = (
				57962D2C29DDF9F700747D54 /* SpaceX */,
				57962D2B29DDF9F700747D54 /* Products */,
			);
			sourceTree = "<group>";
		};
		57962D2B29DDF9F700747D54 /* Products */ = {
			isa = PBXGroup;
			children = (
				57962D2A29DDF9F700747D54 /* SpaceX.app */,
			);
			name = Products;
			sourceTree = "<group>";
		};
		57962D2C29DDF9F700747D54 /* SpaceX */ = {
			isa = PBXGroup;
			children = (
				5727176329E32FFB004F80BA /* Services */,
				5727172629E2C866004F80BA /* SpacexAPI */,
				57F14CC229E1B5C500A32207 /* Models */,
				5727173A29E308F8004F80BA /* Scenes */,
				5713D91429EEA1BC00A7A8B5 /* CustomViews */,
				57F14CA129DF3BCE00A32207 /* Extensions */,
				5713D91729EEC77C00A7A8B5 /* SpaceX.ttf */,
				57962D3329DDF9F700747D54 /* Main.storyboard */,
				57962D3829DDF9F900747D54 /* LaunchScreen.storyboard */,
				57962D3629DDF9F900747D54 /* Assets.xcassets */,
				5727173829E2E39C004F80BA /* Application */,
			);
			path = SpaceX;
			sourceTree = "<group>";
		};
		57A6CDE829E850AA004E2BB5 /* Rocket */ = {
			isa = PBXGroup;
			children = (
				57A6CDE929E8510B004E2BB5 /* RocketViewController.swift */,
				57A6CDEB29E85117004E2BB5 /* RocketInteractor.swift */,
				57A6CDED29E8511F004E2BB5 /* RocketPresenter.swift */,
				57A6CDEF29E85126004E2BB5 /* RocketRouter.swift */,
				57A6CDF129E85133004E2BB5 /* RocketModels.swift */,
				57A6CDF329E8513C004E2BB5 /* RocketConfigurator.swift */,
			);
			path = Rocket;
			sourceTree = "<group>";
		};
		57F14CA129DF3BCE00A32207 /* Extensions */ = {
			isa = PBXGroup;
			children = (
				5727176129E32F1B004F80BA /* Date + .swift */,
				57F14CA229DF3BD900A32207 /* UIImage + .swift */,
				57F14CA429DF421500A32207 /* UIColor + .swift */,
				57289FCC29E4821800B3CB2C /* UIImageView + .swift */,
				57F14CA629DF437400A32207 /* UIApplication + .swift */,
				57A6CDF629E858C3004E2BB5 /* UIStoryboard + .swift */,
			);
			path = Extensions;
			sourceTree = "<group>";
		};
		57F14CBE29E19FE700A32207 /* Home */ = {
			isa = PBXGroup;
			children = (
				57F14CBF29E19FF700A32207 /* Views */,
				57962D3129DDF9F700747D54 /* HomeViewController.swift */,
				57F14CB829E19F5800A32207 /* HomeInteractor.swift */,
				57F14CBA29E19F6800A32207 /* HomePresenter.swift */,
				57F14CBC29E19FC400A32207 /* HomeRouter.swift */,
				57F14CC029E1AD8600A32207 /* HomeModels.swift */,
				57F14CB629E19F0100A32207 /* HomeConfigurator.swift */,
			);
			path = Home;
			sourceTree = "<group>";
		};
		57F14CBF29E19FF700A32207 /* Views */ = {
			isa = PBXGroup;
			children = (
				57F14CA829E00EEA00A32207 /* HomeViewCell.swift */,
			);
			path = Views;
			sourceTree = "<group>";
		};
		57F14CC229E1B5C500A32207 /* Models */ = {
			isa = PBXGroup;
			children = (
				5728A01629E7038200B3CB2C /* Launch.swift */,
			);
			path = Models;
			sourceTree = "<group>";
		};
/* End PBXGroup section */

/* Begin PBXNativeTarget section */
		57962D2929DDF9F700747D54 /* SpaceX */ = {
			isa = PBXNativeTarget;
			buildConfigurationList = 57962D3E29DDF9F900747D54 /* Build configuration list for PBXNativeTarget "SpaceX" */;
			buildPhases = (
				57962D2629DDF9F700747D54 /* Sources */,
				57962D2729DDF9F700747D54 /* Frameworks */,
				57962D2829DDF9F700747D54 /* Resources */,
			);
			buildRules = (
			);
			dependencies = (
			);
			name = SpaceX;
			packageProductDependencies = (
				57962D4229DEFD8F00747D54 /* Apollo */,
			);
			productName = SpaceX;
			productReference = 57962D2A29DDF9F700747D54 /* SpaceX.app */;
			productType = "com.apple.product-type.application";
		};
/* End PBXNativeTarget section */

/* Begin PBXProject section */
		57962D2229DDF9F700747D54 /* Project object */ = {
			isa = PBXProject;
			attributes = {
				BuildIndependentTargetsInParallel = 1;
				LastSwiftUpdateCheck = 1420;
				LastUpgradeCheck = 1420;
				TargetAttributes = {
					57962D2929DDF9F700747D54 = {
						CreatedOnToolsVersion = 14.2;
					};
				};
			};
			buildConfigurationList = 57962D2529DDF9F700747D54 /* Build configuration list for PBXProject "SpaceX" */;
			compatibilityVersion = "Xcode 14.0";
			developmentRegion = en;
			hasScannedForEncodings = 0;
			knownRegions = (
				en,
				Base,
			);
			mainGroup = 57962D2129DDF9F700747D54;
			packageReferences = (
				57962D4129DEFD8F00747D54 /* XCRemoteSwiftPackageReference "apollo-ios" */,
			);
			productRefGroup = 57962D2B29DDF9F700747D54 /* Products */;
			projectDirPath = "";
			projectRoot = "";
			targets = (
				57962D2929DDF9F700747D54 /* SpaceX */,
			);
		};
/* End PBXProject section */

/* Begin PBXResourcesBuildPhase section */
		57962D2829DDF9F700747D54 /* Resources */ = {
			isa = PBXResourcesBuildPhase;
			buildActionMask = 2147483647;
			files = (
				57962D3A29DDF9F900747D54 /* LaunchScreen.storyboard in Resources */,
				5727172429E2C862004F80BA /* SpacexApiQueries.graphql in Resources */,
				57962D3729DDF9F900747D54 /* Assets.xcassets in Resources */,
				57962D3529DDF9F700747D54 /* Main.storyboard in Resources */,
				5713D91829EEC77C00A7A8B5 /* SpaceX.ttf in Resources */,
				5727172529E2C862004F80BA /* SpacexAPI.graphqls in Resources */,
			);
			runOnlyForDeploymentPostprocessing = 0;
		};
/* End PBXResourcesBuildPhase section */

/* Begin PBXSourcesBuildPhase section */
		57962D2629DDF9F700747D54 /* Sources */ = {
			isa = PBXSourcesBuildPhase;
			buildActionMask = 2147483647;
			files = (
				57A6CDF429E8513C004E2BB5 /* RocketConfigurator.swift in Sources */,
				5727174329E31A9D004F80BA /* LaunchesPresenter.swift in Sources */,
				574028A829E9CC84004632BD /* SchemaMetadata.graphql.swift in Sources */,
				57A6CDEC29E85117004E2BB5 /* RocketInteractor.swift in Sources */,
				5740289929E9CC84004632BD /* Force.graphql.swift in Sources */,
				57962D3229DDF9F700747D54 /* HomeViewController.swift in Sources */,
				5740289F29E9CC84004632BD /* LaunchRocket.graphql.swift in Sources */,
				57C8E8D729E72E16005AF9DC /* SplashViewController.swift in Sources */,
				57962D2E29DDF9F700747D54 /* AppDelegate.swift in Sources */,
				5740289D29E9CC84004632BD /* Distance.graphql.swift in Sources */,
				57A6CDF029E85126004E2BB5 /* RocketRouter.swift in Sources */,
				57F14CA929E00EEB00A32207 /* HomeViewCell.swift in Sources */,
				5713D91F29EEE28700A7A8B5 /* Rocket3DPresenter.swift in Sources */,
				5727176629E33049004F80BA /* NetworkRequest.swift in Sources */,
				5727174129E31873004F80BA /* LaunchesModels.swift in Sources */,
				5727176829E3305E004F80BA /* ImageRequest.swift in Sources */,
				57289FF529E6CD9000B3CB2C /* LaunchDetailsPresenter.swift in Sources */,
				5713D91B29EEDF0F00A7A8B5 /* Rocket3DViewController.swift in Sources */,
				57289FF429E6CD9000B3CB2C /* LaunchDetailsRouter.swift in Sources */,
				5740289C29E9CC84004632BD /* Rocket.graphql.swift in Sources */,
				5740289729E9CC84004632BD /* Date.swift in Sources */,
				574028A429E9CC84004632BD /* Mass.graphql.swift in Sources */,
				5740289B29E9CC84004632BD /* RocketEngines.graphql.swift in Sources */,
				57F14CBB29E19F6800A32207 /* HomePresenter.swift in Sources */,
				574028A529E9CC84004632BD /* RocketLandingLegs.graphql.swift in Sources */,
				5727174529E31AAC004F80BA /* LaunchesInteractor.swift in Sources */,
				574028A129E9CC84004632BD /* RocketSecondStage.graphql.swift in Sources */,
				5713D92129EEE28F00A7A8B5 /* Rocket3DRouter.swift in Sources */,
				574028AA29E9CC84004632BD /* RocketNamesAndDescriptionsQuery.graphql.swift in Sources */,
				5727176029E31E0D004F80BA /* SpacexAPI.graphql.swift in Sources */,
				57C8E8D529E70FE3005AF9DC /* LaunchImageCell.swift in Sources */,
				574028A629E9CC84004632BD /* RocketFirstStage.graphql.swift in Sources */,
				57F14CA529DF421500A32207 /* UIColor + .swift in Sources */,
				57962D3029DDF9F700747D54 /* SceneDelegate.swift in Sources */,
				57F14CB729E19F0100A32207 /* HomeConfigurator.swift in Sources */,
				57A6CDF229E85133004E2BB5 /* RocketModels.swift in Sources */,
				574028A029E9CC84004632BD /* Query.graphql.swift in Sources */,
				57F14CB929E19F5800A32207 /* HomeInteractor.swift in Sources */,
				57F14CC129E1AD8600A32207 /* HomeModels.swift in Sources */,
				57F14CA729DF437400A32207 /* UIApplication + .swift in Sources */,
				574028A729E9CC84004632BD /* SchemaConfiguration.swift in Sources */,
				574028A229E9CC84004632BD /* RocketSecondStagePayloads.graphql.swift in Sources */,
				57289FF129E6CD9000B3CB2C /* LaunchDetailsInteractor.swift in Sources */,
				57A6CDEA29E8510B004E2BB5 /* RocketViewController.swift in Sources */,
				574028AB29E9CC84004632BD /* LaunchesQuery.graphql.swift in Sources */,
				574028A329E9CC84004632BD /* RocketSecondStagePayloadCompositeFairing.graphql.swift in Sources */,
				57A6CDEE29E8511F004E2BB5 /* RocketPresenter.swift in Sources */,
				5713D91D29EEE28000A7A8B5 /* Rocket3DInteractor.swift in Sources */,
				57289FF329E6CD9000B3CB2C /* LaunchDetailsModels.swift in Sources */,
				5728A01729E7038200B3CB2C /* Launch.swift in Sources */,
				5740289A29E9CC84004632BD /* Launch.graphql.swift in Sources */,
				5713D91629EEA1C800A7A8B5 /* ActivityIndicatorView.swift in Sources */,
				57289FF629E6CD9000B3CB2C /* LaunchDetailsViewController.swift in Sources */,
				57F14CA329DF3BD900A32207 /* UIImage + .swift in Sources */,
				57A6CDF729E858C3004E2BB5 /* UIStoryboard + .swift in Sources */,
				5727174729E31BC2004F80BA /* LaunchesRouter.swift in Sources */,
				57F14CBD29E19FC400A32207 /* HomeRouter.swift in Sources */,
				5727176A29E334CC004F80BA /* LaunchesConfigurator.swift in Sources */,
				5740289E29E9CC84004632BD /* RocketPayloadWeight.graphql.swift in Sources */,
				5713D92529EEE29F00A7A8B5 /* Rocket3DConfigurator.swift in Sources */,
				57289FF229E6CD9000B3CB2C /* LaunchDetailsConfigurator.swift in Sources */,
				5740289829E9CC84004632BD /* LaunchLinks.graphql.swift in Sources */,
				5727176229E32F1B004F80BA /* Date + .swift in Sources */,
				574028A929E9CC84004632BD /* RocketQuery.graphql.swift in Sources */,
				5727173F29E30950004F80BA /* LaunchViewCell.swift in Sources */,
				57289FCD29E4821800B3CB2C /* UIImageView + .swift in Sources */,
				5727173C29E3090B004F80BA /* LaunchesViewController.swift in Sources */,
				5713D92329EEE29400A7A8B5 /* Rocket3DModels.swift in Sources */,
			);
			runOnlyForDeploymentPostprocessing = 0;
		};
/* End PBXSourcesBuildPhase section */

/* Begin PBXVariantGroup section */
		57962D3329DDF9F700747D54 /* Main.storyboard */ = {
			isa = PBXVariantGroup;
			children = (
				57962D3429DDF9F700747D54 /* Base */,
			);
			name = Main.storyboard;
			sourceTree = "<group>";
		};
		57962D3829DDF9F900747D54 /* LaunchScreen.storyboard */ = {
			isa = PBXVariantGroup;
			children = (
				57962D3929DDF9F900747D54 /* Base */,
			);
			name = LaunchScreen.storyboard;
			sourceTree = "<group>";
		};
/* End PBXVariantGroup section */

/* Begin XCBuildConfiguration section */
		57962D3C29DDF9F900747D54 /* Debug */ = {
			isa = XCBuildConfiguration;
			buildSettings = {
				ALWAYS_SEARCH_USER_PATHS = NO;
				CLANG_ANALYZER_NONNULL = YES;
				CLANG_ANALYZER_NUMBER_OBJECT_CONVERSION = YES_AGGRESSIVE;
				CLANG_CXX_LANGUAGE_STANDARD = "gnu++20";
				CLANG_ENABLE_MODULES = YES;
				CLANG_ENABLE_OBJC_ARC = YES;
				CLANG_ENABLE_OBJC_WEAK = YES;
				CLANG_WARN_BLOCK_CAPTURE_AUTORELEASING = YES;
				CLANG_WARN_BOOL_CONVERSION = YES;
				CLANG_WARN_COMMA = YES;
				CLANG_WARN_CONSTANT_CONVERSION = YES;
				CLANG_WARN_DEPRECATED_OBJC_IMPLEMENTATIONS = YES;
				CLANG_WARN_DIRECT_OBJC_ISA_USAGE = YES_ERROR;
				CLANG_WARN_DOCUMENTATION_COMMENTS = YES;
				CLANG_WARN_EMPTY_BODY = YES;
				CLANG_WARN_ENUM_CONVERSION = YES;
				CLANG_WARN_INFINITE_RECURSION = YES;
				CLANG_WARN_INT_CONVERSION = YES;
				CLANG_WARN_NON_LITERAL_NULL_CONVERSION = YES;
				CLANG_WARN_OBJC_IMPLICIT_RETAIN_SELF = YES;
				CLANG_WARN_OBJC_LITERAL_CONVERSION = YES;
				CLANG_WARN_OBJC_ROOT_CLASS = YES_ERROR;
				CLANG_WARN_QUOTED_INCLUDE_IN_FRAMEWORK_HEADER = YES;
				CLANG_WARN_RANGE_LOOP_ANALYSIS = YES;
				CLANG_WARN_STRICT_PROTOTYPES = YES;
				CLANG_WARN_SUSPICIOUS_MOVE = YES;
				CLANG_WARN_UNGUARDED_AVAILABILITY = YES_AGGRESSIVE;
				CLANG_WARN_UNREACHABLE_CODE = YES;
				CLANG_WARN__DUPLICATE_METHOD_MATCH = YES;
				COPY_PHASE_STRIP = NO;
				DEBUG_INFORMATION_FORMAT = dwarf;
				ENABLE_STRICT_OBJC_MSGSEND = YES;
				ENABLE_TESTABILITY = YES;
				GCC_C_LANGUAGE_STANDARD = gnu11;
				GCC_DYNAMIC_NO_PIC = NO;
				GCC_NO_COMMON_BLOCKS = YES;
				GCC_OPTIMIZATION_LEVEL = 0;
				GCC_PREPROCESSOR_DEFINITIONS = (
					"DEBUG=1",
					"$(inherited)",
				);
				GCC_WARN_64_TO_32_BIT_CONVERSION = YES;
				GCC_WARN_ABOUT_RETURN_TYPE = YES_ERROR;
				GCC_WARN_UNDECLARED_SELECTOR = YES;
				GCC_WARN_UNINITIALIZED_AUTOS = YES_AGGRESSIVE;
				GCC_WARN_UNUSED_FUNCTION = YES;
				GCC_WARN_UNUSED_VARIABLE = YES;
				IPHONEOS_DEPLOYMENT_TARGET = 16.2;
				MTL_ENABLE_DEBUG_INFO = INCLUDE_SOURCE;
				MTL_FAST_MATH = YES;
				ONLY_ACTIVE_ARCH = YES;
				SDKROOT = iphoneos;
				SWIFT_ACTIVE_COMPILATION_CONDITIONS = DEBUG;
				SWIFT_OPTIMIZATION_LEVEL = "-Onone";
			};
			name = Debug;
		};
		57962D3D29DDF9F900747D54 /* Release */ = {
			isa = XCBuildConfiguration;
			buildSettings = {
				ALWAYS_SEARCH_USER_PATHS = NO;
				CLANG_ANALYZER_NONNULL = YES;
				CLANG_ANALYZER_NUMBER_OBJECT_CONVERSION = YES_AGGRESSIVE;
				CLANG_CXX_LANGUAGE_STANDARD = "gnu++20";
				CLANG_ENABLE_MODULES = YES;
				CLANG_ENABLE_OBJC_ARC = YES;
				CLANG_ENABLE_OBJC_WEAK = YES;
				CLANG_WARN_BLOCK_CAPTURE_AUTORELEASING = YES;
				CLANG_WARN_BOOL_CONVERSION = YES;
				CLANG_WARN_COMMA = YES;
				CLANG_WARN_CONSTANT_CONVERSION = YES;
				CLANG_WARN_DEPRECATED_OBJC_IMPLEMENTATIONS = YES;
				CLANG_WARN_DIRECT_OBJC_ISA_USAGE = YES_ERROR;
				CLANG_WARN_DOCUMENTATION_COMMENTS = YES;
				CLANG_WARN_EMPTY_BODY = YES;
				CLANG_WARN_ENUM_CONVERSION = YES;
				CLANG_WARN_INFINITE_RECURSION = YES;
				CLANG_WARN_INT_CONVERSION = YES;
				CLANG_WARN_NON_LITERAL_NULL_CONVERSION = YES;
				CLANG_WARN_OBJC_IMPLICIT_RETAIN_SELF = YES;
				CLANG_WARN_OBJC_LITERAL_CONVERSION = YES;
				CLANG_WARN_OBJC_ROOT_CLASS = YES_ERROR;
				CLANG_WARN_QUOTED_INCLUDE_IN_FRAMEWORK_HEADER = YES;
				CLANG_WARN_RANGE_LOOP_ANALYSIS = YES;
				CLANG_WARN_STRICT_PROTOTYPES = YES;
				CLANG_WARN_SUSPICIOUS_MOVE = YES;
				CLANG_WARN_UNGUARDED_AVAILABILITY = YES_AGGRESSIVE;
				CLANG_WARN_UNREACHABLE_CODE = YES;
				CLANG_WARN__DUPLICATE_METHOD_MATCH = YES;
				COPY_PHASE_STRIP = NO;
				DEBUG_INFORMATION_FORMAT = "dwarf-with-dsym";
				ENABLE_NS_ASSERTIONS = NO;
				ENABLE_STRICT_OBJC_MSGSEND = YES;
				GCC_C_LANGUAGE_STANDARD = gnu11;
				GCC_NO_COMMON_BLOCKS = YES;
				GCC_WARN_64_TO_32_BIT_CONVERSION = YES;
				GCC_WARN_ABOUT_RETURN_TYPE = YES_ERROR;
				GCC_WARN_UNDECLARED_SELECTOR = YES;
				GCC_WARN_UNINITIALIZED_AUTOS = YES_AGGRESSIVE;
				GCC_WARN_UNUSED_FUNCTION = YES;
				GCC_WARN_UNUSED_VARIABLE = YES;
				IPHONEOS_DEPLOYMENT_TARGET = 16.2;
				MTL_ENABLE_DEBUG_INFO = NO;
				MTL_FAST_MATH = YES;
				SDKROOT = iphoneos;
				SWIFT_COMPILATION_MODE = wholemodule;
				SWIFT_OPTIMIZATION_LEVEL = "-O";
				VALIDATE_PRODUCT = YES;
			};
			name = Release;
		};
		57962D3F29DDF9F900747D54 /* Debug */ = {
			isa = XCBuildConfiguration;
			buildSettings = {
				ASSETCATALOG_COMPILER_APPICON_NAME = AppIcon;
				ASSETCATALOG_COMPILER_GLOBAL_ACCENT_COLOR_NAME = AccentColor;
				CODE_SIGN_STYLE = Automatic;
				CURRENT_PROJECT_VERSION = 1;
				DEVELOPMENT_TEAM = P3BYVBK57Z;
				GENERATE_INFOPLIST_FILE = YES;
				INFOPLIST_FILE = SpaceX/Application/Info.plist;
				INFOPLIST_KEY_UIApplicationSupportsIndirectInputEvents = YES;
				INFOPLIST_KEY_UILaunchStoryboardName = LaunchScreen;
				INFOPLIST_KEY_UIMainStoryboardFile = Main;
				INFOPLIST_KEY_UIStatusBarHidden = YES;
				INFOPLIST_KEY_UISupportedInterfaceOrientations = UIInterfaceOrientationPortrait;
				INFOPLIST_KEY_UISupportedInterfaceOrientations_iPad = "UIInterfaceOrientationLandscapeLeft UIInterfaceOrientationLandscapeRight UIInterfaceOrientationPortrait UIInterfaceOrientationPortraitUpsideDown";
				INFOPLIST_KEY_UIUserInterfaceStyle = Dark;
				IPHONEOS_DEPLOYMENT_TARGET = 13.0;
				LD_RUNPATH_SEARCH_PATHS = (
					"$(inherited)",
					"@executable_path/Frameworks",
				);
				MARKETING_VERSION = 1.0;
				PRODUCT_BUNDLE_IDENTIFIER = ios.biiak.SpaceX;
				PRODUCT_NAME = "$(TARGET_NAME)";
				SUPPORTED_PLATFORMS = "iphoneos iphonesimulator";
				SUPPORTS_MACCATALYST = NO;
				SUPPORTS_MAC_DESIGNED_FOR_IPHONE_IPAD = NO;
				SWIFT_EMIT_LOC_STRINGS = YES;
				SWIFT_VERSION = 5.0;
				TARGETED_DEVICE_FAMILY = 1;
			};
			name = Debug;
		};
		57962D4029DDF9F900747D54 /* Release */ = {
			isa = XCBuildConfiguration;
			buildSettings = {
				ASSETCATALOG_COMPILER_APPICON_NAME = AppIcon;
				ASSETCATALOG_COMPILER_GLOBAL_ACCENT_COLOR_NAME = AccentColor;
				CODE_SIGN_STYLE = Automatic;
				CURRENT_PROJECT_VERSION = 1;
				DEVELOPMENT_TEAM = P3BYVBK57Z;
				GENERATE_INFOPLIST_FILE = YES;
				INFOPLIST_FILE = SpaceX/Application/Info.plist;
				INFOPLIST_KEY_UIApplicationSupportsIndirectInputEvents = YES;
				INFOPLIST_KEY_UILaunchStoryboardName = LaunchScreen;
				INFOPLIST_KEY_UIMainStoryboardFile = Main;
				INFOPLIST_KEY_UIStatusBarHidden = YES;
				INFOPLIST_KEY_UISupportedInterfaceOrientations = UIInterfaceOrientationPortrait;
				INFOPLIST_KEY_UISupportedInterfaceOrientations_iPad = "UIInterfaceOrientationLandscapeLeft UIInterfaceOrientationLandscapeRight UIInterfaceOrientationPortrait UIInterfaceOrientationPortraitUpsideDown";
				INFOPLIST_KEY_UIUserInterfaceStyle = Dark;
				IPHONEOS_DEPLOYMENT_TARGET = 13.0;
				LD_RUNPATH_SEARCH_PATHS = (
					"$(inherited)",
					"@executable_path/Frameworks",
				);
				MARKETING_VERSION = 1.0;
				PRODUCT_BUNDLE_IDENTIFIER = ios.biiak.SpaceX;
				PRODUCT_NAME = "$(TARGET_NAME)";
				SUPPORTED_PLATFORMS = "iphoneos iphonesimulator";
				SUPPORTS_MACCATALYST = NO;
				SUPPORTS_MAC_DESIGNED_FOR_IPHONE_IPAD = NO;
				SWIFT_EMIT_LOC_STRINGS = YES;
				SWIFT_VERSION = 5.0;
				TARGETED_DEVICE_FAMILY = 1;
			};
			name = Release;
		};
/* End XCBuildConfiguration section */

/* Begin XCConfigurationList section */
		57962D2529DDF9F700747D54 /* Build configuration list for PBXProject "SpaceX" */ = {
			isa = XCConfigurationList;
			buildConfigurations = (
				57962D3C29DDF9F900747D54 /* Debug */,
				57962D3D29DDF9F900747D54 /* Release */,
			);
			defaultConfigurationIsVisible = 0;
			defaultConfigurationName = Release;
		};
		57962D3E29DDF9F900747D54 /* Build configuration list for PBXNativeTarget "SpaceX" */ = {
			isa = XCConfigurationList;
			buildConfigurations = (
				57962D3F29DDF9F900747D54 /* Debug */,
				57962D4029DDF9F900747D54 /* Release */,
			);
			defaultConfigurationIsVisible = 0;
			defaultConfigurationName = Release;
		};
/* End XCConfigurationList section */

/* Begin XCRemoteSwiftPackageReference section */
		57962D4129DEFD8F00747D54 /* XCRemoteSwiftPackageReference "apollo-ios" */ = {
			isa = XCRemoteSwiftPackageReference;
			repositoryURL = "https://github.com/apollographql/apollo-ios.git";
			requirement = {
				kind = upToNextMajorVersion;
				minimumVersion = 1.0.0;
			};
		};
/* End XCRemoteSwiftPackageReference section */

/* Begin XCSwiftPackageProductDependency section */
		57962D4229DEFD8F00747D54 /* Apollo */ = {
			isa = XCSwiftPackageProductDependency;
			package = 57962D4129DEFD8F00747D54 /* XCRemoteSwiftPackageReference "apollo-ios" */;
			productName = Apollo;
		};
/* End XCSwiftPackageProductDependency section */
	};
	rootObject = 57962D2229DDF9F700747D54 /* Project object */;
}
